// !$*UTF8*$!
{
	archiveVersion = 1;
	classes = {
	};
	objectVersion = 46;
	objects = {

/* Begin PBXBuildFile section */
		D2045F9F19EB0B4500F4CEFA /* ETWeekViewController.m in Sources */ = {isa = PBXBuildFile; fileRef = D2045F9E19EB0B4500F4CEFA /* ETWeekViewController.m */; };
		D2045FA019EB0B4500F4CEFA /* ETWeekViewController.m in Sources */ = {isa = PBXBuildFile; fileRef = D2045F9E19EB0B4500F4CEFA /* ETWeekViewController.m */; };
		D2045FA319EB1E9600F4CEFA /* ETAPI.m in Sources */ = {isa = PBXBuildFile; fileRef = D2045FA219EB1E9600F4CEFA /* ETAPI.m */; };
		D2045FA419EB1E9600F4CEFA /* ETAPI.m in Sources */ = {isa = PBXBuildFile; fileRef = D2045FA219EB1E9600F4CEFA /* ETAPI.m */; };
		D2045FA819EB200000F4CEFA /* ETConstants.m in Sources */ = {isa = PBXBuildFile; fileRef = D2045FA719EB200000F4CEFA /* ETConstants.m */; };
		D2045FA919EB200000F4CEFA /* ETConstants.m in Sources */ = {isa = PBXBuildFile; fileRef = D2045FA719EB200000F4CEFA /* ETConstants.m */; };
		D215B37D1A306CAF007ED4F0 /* UIImageView+Animation.m in Sources */ = {isa = PBXBuildFile; fileRef = D215B37C1A306CAF007ED4F0 /* UIImageView+Animation.m */; };
		D215B37E1A306CAF007ED4F0 /* UIImageView+Animation.m in Sources */ = {isa = PBXBuildFile; fileRef = D215B37C1A306CAF007ED4F0 /* UIImageView+Animation.m */; };
		D215B3801A307076007ED4F0 /* Loading.xcassets in Resources */ = {isa = PBXBuildFile; fileRef = D215B37F1A307076007ED4F0 /* Loading.xcassets */; };
		D215B3811A307076007ED4F0 /* Loading.xcassets in Resources */ = {isa = PBXBuildFile; fileRef = D215B37F1A307076007ED4F0 /* Loading.xcassets */; };
		D23265E519E991A50009334B /* ETTools.m in Sources */ = {isa = PBXBuildFile; fileRef = D23265E419E991A50009334B /* ETTools.m */; };
		D23265E619E991A50009334B /* ETTools.m in Sources */ = {isa = PBXBuildFile; fileRef = D23265E419E991A50009334B /* ETTools.m */; };
		D23265E719E991A50009334B /* ETTools.m in Sources */ = {isa = PBXBuildFile; fileRef = D23265E419E991A50009334B /* ETTools.m */; };
		D23BED3D19E32823000FF210 /* main.m in Sources */ = {isa = PBXBuildFile; fileRef = D23BED3C19E32823000FF210 /* main.m */; };
		D23BED4019E32823000FF210 /* ETAppDelegate.m in Sources */ = {isa = PBXBuildFile; fileRef = D23BED3F19E32823000FF210 /* ETAppDelegate.m */; };
		D23BED4619E32823000FF210 /* Main.storyboard in Resources */ = {isa = PBXBuildFile; fileRef = D23BED4419E32823000FF210 /* Main.storyboard */; };
		D23BED4819E32823000FF210 /* Images.xcassets in Resources */ = {isa = PBXBuildFile; fileRef = D23BED4719E32823000FF210 /* Images.xcassets */; };
		D23BED4B19E32823000FF210 /* LaunchScreen.xib in Resources */ = {isa = PBXBuildFile; fileRef = D23BED4919E32823000FF210 /* LaunchScreen.xib */; };
		D23BED5719E32823000FF210 /* EpiTimeTests.m in Sources */ = {isa = PBXBuildFile; fileRef = D23BED5619E32823000FF210 /* EpiTimeTests.m */; };
		D23BED8019E328DA000FF210 /* ETAppDelegate.m in Sources */ = {isa = PBXBuildFile; fileRef = D23BED3F19E32823000FF210 /* ETAppDelegate.m */; };
		D23BED8119E328DA000FF210 /* main.m in Sources */ = {isa = PBXBuildFile; fileRef = D23BED3C19E32823000FF210 /* main.m */; };
		D23BED8419E328DA000FF210 /* Main.storyboard in Resources */ = {isa = PBXBuildFile; fileRef = D23BED4419E32823000FF210 /* Main.storyboard */; };
		D23BED8519E328DA000FF210 /* LaunchScreen.xib in Resources */ = {isa = PBXBuildFile; fileRef = D23BED4919E32823000FF210 /* LaunchScreen.xib */; };
		D23BED8619E328DA000FF210 /* Images.xcassets in Resources */ = {isa = PBXBuildFile; fileRef = D23BED4719E32823000FF210 /* Images.xcassets */; };
		D2781CA21A8950D30090369F /* ETSchoolItem.m in Sources */ = {isa = PBXBuildFile; fileRef = D280021D1A44D18F00861E20 /* ETSchoolItem.m */; };
		D28002161A443F9D00861E20 /* ETGroupsViewController.m in Sources */ = {isa = PBXBuildFile; fileRef = D28002151A443F9D00861E20 /* ETGroupsViewController.m */; };
		D28002171A443F9D00861E20 /* ETGroupsViewController.m in Sources */ = {isa = PBXBuildFile; fileRef = D28002151A443F9D00861E20 /* ETGroupsViewController.m */; };
		D280021A1A443FF900861E20 /* ETGroupTableViewCell.m in Sources */ = {isa = PBXBuildFile; fileRef = D28002191A443FF900861E20 /* ETGroupTableViewCell.m */; };
		D280021B1A443FF900861E20 /* ETGroupTableViewCell.m in Sources */ = {isa = PBXBuildFile; fileRef = D28002191A443FF900861E20 /* ETGroupTableViewCell.m */; };
		D280021E1A44D18F00861E20 /* ETSchoolItem.m in Sources */ = {isa = PBXBuildFile; fileRef = D280021D1A44D18F00861E20 /* ETSchoolItem.m */; };
		D280021F1A44D18F00861E20 /* ETSchoolItem.m in Sources */ = {isa = PBXBuildFile; fileRef = D280021D1A44D18F00861E20 /* ETSchoolItem.m */; };
		D2EE373B1A894CC100E70651 /* NotificationCenter.framework in Frameworks */ = {isa = PBXBuildFile; fileRef = D23BED6619E328C7000FF210 /* NotificationCenter.framework */; };
		D2EE37411A894CC100E70651 /* TodayViewController.m in Sources */ = {isa = PBXBuildFile; fileRef = D2EE37401A894CC100E70651 /* TodayViewController.m */; };
		D2EE37431A894CC100E70651 /* MainInterface.storyboard in Resources */ = {isa = PBXBuildFile; fileRef = D2EE37421A894CC100E70651 /* MainInterface.storyboard */; };
		D2EE37461A894CC100E70651 /* EpiTimeWidget.appex in Embed App Extensions */ = {isa = PBXBuildFile; fileRef = D2EE373A1A894CC100E70651 /* EpiTimeWidget.appex */; settings = {ATTRIBUTES = (RemoveHeadersOnCopy, ); }; };
		D2EE374C1A894D4700E70651 /* ETCourseTableViewCell.m in Sources */ = {isa = PBXBuildFile; fileRef = D2EF16F019E9FDAD00D95789 /* ETCourseTableViewCell.m */; };
		D2EE374D1A894D4700E70651 /* ETWeekItem.m in Sources */ = {isa = PBXBuildFile; fileRef = D2EF16FF19EA067300D95789 /* ETWeekItem.m */; };
		D2EE374E1A894D4700E70651 /* ETDayItem.m in Sources */ = {isa = PBXBuildFile; fileRef = D2EF16F719EA05D200D95789 /* ETDayItem.m */; };
		D2EE374F1A894D4700E70651 /* ETCourseItem.m in Sources */ = {isa = PBXBuildFile; fileRef = D2EF16FB19EA065D00D95789 /* ETCourseItem.m */; };
		D2EE37501A894D4700E70651 /* ETAPI.m in Sources */ = {isa = PBXBuildFile; fileRef = D2045FA219EB1E9600F4CEFA /* ETAPI.m */; };
		D2EE37511A894D4700E70651 /* ETTools.m in Sources */ = {isa = PBXBuildFile; fileRef = D23265E419E991A50009334B /* ETTools.m */; };
		D2EE37521A894D4700E70651 /* ETConstants.m in Sources */ = {isa = PBXBuildFile; fileRef = D2045FA719EB200000F4CEFA /* ETConstants.m */; };
		D2EE37561A894E9200E70651 /* libPods.a in Frameworks */ = {isa = PBXBuildFile; fileRef = D2EE37551A894E9200E70651 /* libPods.a */; settings = {ATTRIBUTES = (Required, ); }; };
		D2EE37581A894E9A00E70651 /* libPods.a in Frameworks */ = {isa = PBXBuildFile; fileRef = D2EE37571A894E9A00E70651 /* libPods.a */; };
		D2EE375A1A894EA000E70651 /* libPods.a in Frameworks */ = {isa = PBXBuildFile; fileRef = D2EE37591A894EA000E70651 /* libPods.a */; };
		D2EF16EC19E9F82500D95789 /* ETDayTableViewController.m in Sources */ = {isa = PBXBuildFile; fileRef = D2EF16EB19E9F82500D95789 /* ETDayTableViewController.m */; };
		D2EF16ED19E9F82500D95789 /* ETDayTableViewController.m in Sources */ = {isa = PBXBuildFile; fileRef = D2EF16EB19E9F82500D95789 /* ETDayTableViewController.m */; };
		D2EF16F119E9FDAD00D95789 /* ETCourseTableViewCell.m in Sources */ = {isa = PBXBuildFile; fileRef = D2EF16F019E9FDAD00D95789 /* ETCourseTableViewCell.m */; };
		D2EF16F219E9FDAD00D95789 /* ETCourseTableViewCell.m in Sources */ = {isa = PBXBuildFile; fileRef = D2EF16F019E9FDAD00D95789 /* ETCourseTableViewCell.m */; };
		D2EF16F419EA031000D95789 /* Day.xcassets in Resources */ = {isa = PBXBuildFile; fileRef = D2EF16F319EA031000D95789 /* Day.xcassets */; };
		D2EF16F519EA031000D95789 /* Day.xcassets in Resources */ = {isa = PBXBuildFile; fileRef = D2EF16F319EA031000D95789 /* Day.xcassets */; };
		D2EF16F819EA05D200D95789 /* ETDayItem.m in Sources */ = {isa = PBXBuildFile; fileRef = D2EF16F719EA05D200D95789 /* ETDayItem.m */; };
		D2EF16F919EA05D200D95789 /* ETDayItem.m in Sources */ = {isa = PBXBuildFile; fileRef = D2EF16F719EA05D200D95789 /* ETDayItem.m */; };
		D2EF16FC19EA065D00D95789 /* ETCourseItem.m in Sources */ = {isa = PBXBuildFile; fileRef = D2EF16FB19EA065D00D95789 /* ETCourseItem.m */; };
		D2EF16FD19EA065D00D95789 /* ETCourseItem.m in Sources */ = {isa = PBXBuildFile; fileRef = D2EF16FB19EA065D00D95789 /* ETCourseItem.m */; };
		D2EF170019EA067300D95789 /* ETWeekItem.m in Sources */ = {isa = PBXBuildFile; fileRef = D2EF16FF19EA067300D95789 /* ETWeekItem.m */; };
		D2EF170119EA067300D95789 /* ETWeekItem.m in Sources */ = {isa = PBXBuildFile; fileRef = D2EF16FF19EA067300D95789 /* ETWeekItem.m */; };
/* End PBXBuildFile section */

/* Begin PBXContainerItemProxy section */
		D23BED5119E32823000FF210 /* PBXContainerItemProxy */ = {
			isa = PBXContainerItemProxy;
			containerPortal = D23BED2F19E32823000FF210 /* Project object */;
			proxyType = 1;
			remoteGlobalIDString = D23BED3619E32823000FF210;
			remoteInfo = EpiTime;
		};
		D2EE37441A894CC100E70651 /* PBXContainerItemProxy */ = {
			isa = PBXContainerItemProxy;
			containerPortal = D23BED2F19E32823000FF210 /* Project object */;
			proxyType = 1;
			remoteGlobalIDString = D2EE37391A894CC100E70651;
			remoteInfo = EpiTimeWidget;
		};
/* End PBXContainerItemProxy section */

/* Begin PBXCopyFilesBuildPhase section */
		D23BED7819E328C7000FF210 /* Embed App Extensions */ = {
			isa = PBXCopyFilesBuildPhase;
			buildActionMask = 2147483647;
			dstPath = "";
			dstSubfolderSpec = 13;
			files = (
			);
			name = "Embed App Extensions";
			runOnlyForDeploymentPostprocessing = 0;
		};
		D27EC83E1A860FB50044074B /* Embed App Extensions */ = {
			isa = PBXCopyFilesBuildPhase;
			buildActionMask = 2147483647;
			dstPath = "";
			dstSubfolderSpec = 13;
			files = (
				D2EE37461A894CC100E70651 /* EpiTimeWidget.appex in Embed App Extensions */,
			);
			name = "Embed App Extensions";
			runOnlyForDeploymentPostprocessing = 0;
		};
/* End PBXCopyFilesBuildPhase section */

/* Begin PBXFileReference section */
		17F193E0234C88AF8757E8AB /* Pods.debug.xcconfig */ = {isa = PBXFileReference; includeInIndex = 1; lastKnownFileType = text.xcconfig; name = Pods.debug.xcconfig; path = "Pods/Target Support Files/Pods/Pods.debug.xcconfig"; sourceTree = "<group>"; };
		90738772E0B42BB0F4E3E2A4 /* Pods.release.xcconfig */ = {isa = PBXFileReference; includeInIndex = 1; lastKnownFileType = text.xcconfig; name = Pods.release.xcconfig; path = "Pods/Target Support Files/Pods/Pods.release.xcconfig"; sourceTree = "<group>"; };
		D2045F9D19EB0B4500F4CEFA /* ETWeekViewController.h */ = {isa = PBXFileReference; fileEncoding = 4; lastKnownFileType = sourcecode.c.h; name = ETWeekViewController.h; path = Day/ETWeekViewController.h; sourceTree = "<group>"; };
		D2045F9E19EB0B4500F4CEFA /* ETWeekViewController.m */ = {isa = PBXFileReference; fileEncoding = 4; lastKnownFileType = sourcecode.c.objc; lineEnding = 0; name = ETWeekViewController.m; path = Day/ETWeekViewController.m; sourceTree = "<group>"; xcLanguageSpecificationIdentifier = xcode.lang.objc; };
		D2045FA119EB1E9600F4CEFA /* ETAPI.h */ = {isa = PBXFileReference; fileEncoding = 4; lastKnownFileType = sourcecode.c.h; name = ETAPI.h; path = API/ETAPI.h; sourceTree = "<group>"; };
		D2045FA219EB1E9600F4CEFA /* ETAPI.m */ = {isa = PBXFileReference; fileEncoding = 4; lastKnownFileType = sourcecode.c.objc; name = ETAPI.m; path = API/ETAPI.m; sourceTree = "<group>"; };
		D2045FA619EB200000F4CEFA /* ETConstants.h */ = {isa = PBXFileReference; fileEncoding = 4; lastKnownFileType = sourcecode.c.h; name = ETConstants.h; path = Other/ETConstants.h; sourceTree = "<group>"; };
		D2045FA719EB200000F4CEFA /* ETConstants.m */ = {isa = PBXFileReference; fileEncoding = 4; lastKnownFileType = sourcecode.c.objc; lineEnding = 0; name = ETConstants.m; path = Other/ETConstants.m; sourceTree = "<group>"; xcLanguageSpecificationIdentifier = xcode.lang.objc; };
		D215B37B1A306CAF007ED4F0 /* UIImageView+Animation.h */ = {isa = PBXFileReference; fileEncoding = 4; lastKnownFileType = sourcecode.c.h; path = "UIImageView+Animation.h"; sourceTree = "<group>"; };
		D215B37C1A306CAF007ED4F0 /* UIImageView+Animation.m */ = {isa = PBXFileReference; fileEncoding = 4; lastKnownFileType = sourcecode.c.objc; path = "UIImageView+Animation.m"; sourceTree = "<group>"; };
		D215B37F1A307076007ED4F0 /* Loading.xcassets */ = {isa = PBXFileReference; lastKnownFileType = folder.assetcatalog; name = Loading.xcassets; path = Resources/Loading.xcassets; sourceTree = "<group>"; };
		D23265E319E991A50009334B /* ETTools.h */ = {isa = PBXFileReference; fileEncoding = 4; lastKnownFileType = sourcecode.c.h; name = ETTools.h; path = Other/ETTools.h; sourceTree = "<group>"; };
		D23265E419E991A50009334B /* ETTools.m */ = {isa = PBXFileReference; fileEncoding = 4; lastKnownFileType = sourcecode.c.objc; name = ETTools.m; path = Other/ETTools.m; sourceTree = "<group>"; };
		D23BED3719E32823000FF210 /* EpiTime.app */ = {isa = PBXFileReference; explicitFileType = wrapper.application; includeInIndex = 0; path = EpiTime.app; sourceTree = BUILT_PRODUCTS_DIR; };
		D23BED3C19E32823000FF210 /* main.m */ = {isa = PBXFileReference; lastKnownFileType = sourcecode.c.objc; path = main.m; sourceTree = "<group>"; };
		D23BED3E19E32823000FF210 /* ETAppDelegate.h */ = {isa = PBXFileReference; lastKnownFileType = sourcecode.c.h; path = ETAppDelegate.h; sourceTree = "<group>"; };
		D23BED3F19E32823000FF210 /* ETAppDelegate.m */ = {isa = PBXFileReference; lastKnownFileType = sourcecode.c.objc; path = ETAppDelegate.m; sourceTree = "<group>"; };
		D23BED4519E32823000FF210 /* Base */ = {isa = PBXFileReference; lastKnownFileType = file.storyboard; name = Base; path = Base.lproj/Main.storyboard; sourceTree = "<group>"; };
		D23BED4719E32823000FF210 /* Images.xcassets */ = {isa = PBXFileReference; lastKnownFileType = folder.assetcatalog; path = Images.xcassets; sourceTree = "<group>"; };
		D23BED4A19E32823000FF210 /* Base */ = {isa = PBXFileReference; lastKnownFileType = file.xib; name = Base; path = Base.lproj/LaunchScreen.xib; sourceTree = "<group>"; };
		D23BED5019E32823000FF210 /* EpiTimeTests.xctest */ = {isa = PBXFileReference; explicitFileType = wrapper.cfbundle; includeInIndex = 0; path = EpiTimeTests.xctest; sourceTree = BUILT_PRODUCTS_DIR; };
		D23BED5519E32823000FF210 /* Info.plist */ = {isa = PBXFileReference; lastKnownFileType = text.plist.xml; path = Info.plist; sourceTree = "<group>"; };
		D23BED5619E32823000FF210 /* EpiTimeTests.m */ = {isa = PBXFileReference; lastKnownFileType = sourcecode.c.objc; path = EpiTimeTests.m; sourceTree = "<group>"; };
		D23BED6619E328C7000FF210 /* NotificationCenter.framework */ = {isa = PBXFileReference; lastKnownFileType = wrapper.framework; name = NotificationCenter.framework; path = System/Library/Frameworks/NotificationCenter.framework; sourceTree = SDKROOT; };
		D23BED8C19E328DA000FF210 /* EpiTime Staging.app */ = {isa = PBXFileReference; explicitFileType = wrapper.application; includeInIndex = 0; path = "EpiTime Staging.app"; sourceTree = BUILT_PRODUCTS_DIR; };
		D23BED8E19E32A86000FF210 /* EpiTime-Info.plist */ = {isa = PBXFileReference; lastKnownFileType = text.plist.xml; path = "EpiTime-Info.plist"; sourceTree = "<group>"; };
		D23BED8F19E32AA0000FF210 /* EpiTime Staging-Info.plist */ = {isa = PBXFileReference; lastKnownFileType = text.plist.xml; path = "EpiTime Staging-Info.plist"; sourceTree = "<group>"; };
		D28002141A443F9D00861E20 /* ETGroupsViewController.h */ = {isa = PBXFileReference; fileEncoding = 4; lastKnownFileType = sourcecode.c.h; name = ETGroupsViewController.h; path = Groups/ETGroupsViewController.h; sourceTree = "<group>"; };
		D28002151A443F9D00861E20 /* ETGroupsViewController.m */ = {isa = PBXFileReference; fileEncoding = 4; lastKnownFileType = sourcecode.c.objc; name = ETGroupsViewController.m; path = Groups/ETGroupsViewController.m; sourceTree = "<group>"; };
		D28002181A443FF900861E20 /* ETGroupTableViewCell.h */ = {isa = PBXFileReference; fileEncoding = 4; lastKnownFileType = sourcecode.c.h; name = ETGroupTableViewCell.h; path = Groups/ETGroupTableViewCell.h; sourceTree = "<group>"; };
		D28002191A443FF900861E20 /* ETGroupTableViewCell.m */ = {isa = PBXFileReference; fileEncoding = 4; lastKnownFileType = sourcecode.c.objc; name = ETGroupTableViewCell.m; path = Groups/ETGroupTableViewCell.m; sourceTree = "<group>"; };
		D280021C1A44D18F00861E20 /* ETSchoolItem.h */ = {isa = PBXFileReference; fileEncoding = 4; lastKnownFileType = sourcecode.c.h; name = ETSchoolItem.h; path = Groups/ETSchoolItem.h; sourceTree = "<group>"; };
		D280021D1A44D18F00861E20 /* ETSchoolItem.m */ = {isa = PBXFileReference; fileEncoding = 4; lastKnownFileType = sourcecode.c.objc; name = ETSchoolItem.m; path = Groups/ETSchoolItem.m; sourceTree = "<group>"; };
		D2EE373A1A894CC100E70651 /* EpiTimeWidget.appex */ = {isa = PBXFileReference; explicitFileType = "wrapper.app-extension"; includeInIndex = 0; path = EpiTimeWidget.appex; sourceTree = BUILT_PRODUCTS_DIR; };
		D2EE373E1A894CC100E70651 /* Info.plist */ = {isa = PBXFileReference; lastKnownFileType = text.plist.xml; path = Info.plist; sourceTree = "<group>"; };
		D2EE373F1A894CC100E70651 /* TodayViewController.h */ = {isa = PBXFileReference; lastKnownFileType = sourcecode.c.h; path = TodayViewController.h; sourceTree = "<group>"; };
		D2EE37401A894CC100E70651 /* TodayViewController.m */ = {isa = PBXFileReference; lastKnownFileType = sourcecode.c.objc; path = TodayViewController.m; sourceTree = "<group>"; };
		D2EE37421A894CC100E70651 /* MainInterface.storyboard */ = {isa = PBXFileReference; lastKnownFileType = file.storyboard; path = MainInterface.storyboard; sourceTree = "<group>"; };
		D2EE37551A894E9200E70651 /* libPods.a */ = {isa = PBXFileReference; lastKnownFileType = archive.ar; name = libPods.a; path = "Pods/build/Debug-iphoneos/libPods.a"; sourceTree = "<group>"; };
		D2EE37571A894E9A00E70651 /* libPods.a */ = {isa = PBXFileReference; lastKnownFileType = archive.ar; name = libPods.a; path = "Pods/build/Debug-iphoneos/libPods.a"; sourceTree = "<group>"; };
		D2EE37591A894EA000E70651 /* libPods.a */ = {isa = PBXFileReference; lastKnownFileType = archive.ar; name = libPods.a; path = "Pods/build/Debug-iphoneos/libPods.a"; sourceTree = "<group>"; };
		D2EF16EA19E9F82500D95789 /* ETDayTableViewController.h */ = {isa = PBXFileReference; fileEncoding = 4; lastKnownFileType = sourcecode.c.h; lineEnding = 0; name = ETDayTableViewController.h; path = Day/ETDayTableViewController.h; sourceTree = "<group>"; xcLanguageSpecificationIdentifier = xcode.lang.objcpp; };
		D2EF16EB19E9F82500D95789 /* ETDayTableViewController.m */ = {isa = PBXFileReference; fileEncoding = 4; lastKnownFileType = sourcecode.c.objc; lineEnding = 0; name = ETDayTableViewController.m; path = Day/ETDayTableViewController.m; sourceTree = "<group>"; xcLanguageSpecificationIdentifier = xcode.lang.objc; };
		D2EF16EF19E9FDAD00D95789 /* ETCourseTableViewCell.h */ = {isa = PBXFileReference; fileEncoding = 4; lastKnownFileType = sourcecode.c.h; name = ETCourseTableViewCell.h; path = Day/ETCourseTableViewCell.h; sourceTree = "<group>"; };
		D2EF16F019E9FDAD00D95789 /* ETCourseTableViewCell.m */ = {isa = PBXFileReference; fileEncoding = 4; lastKnownFileType = sourcecode.c.objc; name = ETCourseTableViewCell.m; path = Day/ETCourseTableViewCell.m; sourceTree = "<group>"; };
		D2EF16F319EA031000D95789 /* Day.xcassets */ = {isa = PBXFileReference; lastKnownFileType = folder.assetcatalog; name = Day.xcassets; path = Resources/Day.xcassets; sourceTree = "<group>"; };
		D2EF16F619EA05D200D95789 /* ETDayItem.h */ = {isa = PBXFileReference; fileEncoding = 4; lastKnownFileType = sourcecode.c.h; name = ETDayItem.h; path = Day/ETDayItem.h; sourceTree = "<group>"; };
		D2EF16F719EA05D200D95789 /* ETDayItem.m */ = {isa = PBXFileReference; fileEncoding = 4; lastKnownFileType = sourcecode.c.objc; name = ETDayItem.m; path = Day/ETDayItem.m; sourceTree = "<group>"; };
		D2EF16FA19EA065D00D95789 /* ETCourseItem.h */ = {isa = PBXFileReference; fileEncoding = 4; lastKnownFileType = sourcecode.c.h; name = ETCourseItem.h; path = Day/ETCourseItem.h; sourceTree = "<group>"; };
		D2EF16FB19EA065D00D95789 /* ETCourseItem.m */ = {isa = PBXFileReference; fileEncoding = 4; lastKnownFileType = sourcecode.c.objc; name = ETCourseItem.m; path = Day/ETCourseItem.m; sourceTree = "<group>"; };
		D2EF16FE19EA067300D95789 /* ETWeekItem.h */ = {isa = PBXFileReference; fileEncoding = 4; lastKnownFileType = sourcecode.c.h; name = ETWeekItem.h; path = Day/ETWeekItem.h; sourceTree = "<group>"; };
		D2EF16FF19EA067300D95789 /* ETWeekItem.m */ = {isa = PBXFileReference; fileEncoding = 4; lastKnownFileType = sourcecode.c.objc; name = ETWeekItem.m; path = Day/ETWeekItem.m; sourceTree = "<group>"; };
/* End PBXFileReference section */

/* Begin PBXFrameworksBuildPhase section */
		D23BED3419E32823000FF210 /* Frameworks */ = {
			isa = PBXFrameworksBuildPhase;
			buildActionMask = 2147483647;
			files = (
				D2EE375A1A894EA000E70651 /* libPods.a in Frameworks */,
			);
			runOnlyForDeploymentPostprocessing = 0;
		};
		D23BED4D19E32823000FF210 /* Frameworks */ = {
			isa = PBXFrameworksBuildPhase;
			buildActionMask = 2147483647;
			files = (
			);
			runOnlyForDeploymentPostprocessing = 0;
		};
		D23BED8219E328DA000FF210 /* Frameworks */ = {
			isa = PBXFrameworksBuildPhase;
			buildActionMask = 2147483647;
			files = (
				D2EE37581A894E9A00E70651 /* libPods.a in Frameworks */,
			);
			runOnlyForDeploymentPostprocessing = 0;
		};
		D2EE37371A894CC100E70651 /* Frameworks */ = {
			isa = PBXFrameworksBuildPhase;
			buildActionMask = 2147483647;
			files = (
				D2EE37561A894E9200E70651 /* libPods.a in Frameworks */,
				D2EE373B1A894CC100E70651 /* NotificationCenter.framework in Frameworks */,
			);
			runOnlyForDeploymentPostprocessing = 0;
		};
/* End PBXFrameworksBuildPhase section */

/* Begin PBXGroup section */
		3DCFF51B0CD397BA1F48C31D /* Pods */ = {
			isa = PBXGroup;
			children = (
				17F193E0234C88AF8757E8AB /* Pods.debug.xcconfig */,
				90738772E0B42BB0F4E3E2A4 /* Pods.release.xcconfig */,
			);
			name = Pods;
			sourceTree = "<group>";
		};
		D2045FA519EB1EA000F4CEFA /* API */ = {
			isa = PBXGroup;
			children = (
				D2045FA119EB1E9600F4CEFA /* ETAPI.h */,
				D2045FA219EB1E9600F4CEFA /* ETAPI.m */,
			);
			name = API;
			sourceTree = "<group>";
		};
		D215B37A1A306CAF007ED4F0 /* UIImageView+Animation */ = {
			isa = PBXGroup;
			children = (
				D215B37B1A306CAF007ED4F0 /* UIImageView+Animation.h */,
				D215B37C1A306CAF007ED4F0 /* UIImageView+Animation.m */,
			);
			path = "UIImageView+Animation";
			sourceTree = "<group>";
		};
		D23265E919E991A80009334B /* Other */ = {
			isa = PBXGroup;
			children = (
				D23265E319E991A50009334B /* ETTools.h */,
				D23265E419E991A50009334B /* ETTools.m */,
				D2045FA619EB200000F4CEFA /* ETConstants.h */,
				D2045FA719EB200000F4CEFA /* ETConstants.m */,
			);
			name = Other;
			sourceTree = "<group>";
		};
		D23BED2E19E32823000FF210 = {
			isa = PBXGroup;
			children = (
				D23BED3919E32823000FF210 /* EpiTime */,
				D23BED5319E32823000FF210 /* EpiTimeTests */,
				D2EE373C1A894CC100E70651 /* EpiTimeWidget */,
				D23BED6519E328C7000FF210 /* Frameworks */,
				D23BED3819E32823000FF210 /* Products */,
				3DCFF51B0CD397BA1F48C31D /* Pods */,
			);
			sourceTree = "<group>";
		};
		D23BED3819E32823000FF210 /* Products */ = {
			isa = PBXGroup;
			children = (
				D23BED3719E32823000FF210 /* EpiTime.app */,
				D23BED5019E32823000FF210 /* EpiTimeTests.xctest */,
				D23BED8C19E328DA000FF210 /* EpiTime Staging.app */,
				D2EE373A1A894CC100E70651 /* EpiTimeWidget.appex */,
			);
			name = Products;
			sourceTree = "<group>";
		};
		D23BED3919E32823000FF210 /* EpiTime */ = {
			isa = PBXGroup;
			children = (
				D23BED3E19E32823000FF210 /* ETAppDelegate.h */,
				D23BED3F19E32823000FF210 /* ETAppDelegate.m */,
				D23BED4419E32823000FF210 /* Main.storyboard */,
				D23BED4919E32823000FF210 /* LaunchScreen.xib */,
				D28002131A443C9E00861E20 /* Groups */,
				D2EF16EE19E9F82900D95789 /* Schedule */,
				D2045FA519EB1EA000F4CEFA /* API */,
				D23265E919E991A80009334B /* Other */,
				D215B37A1A306CAF007ED4F0 /* UIImageView+Animation */,
				D23BED9019E32AB1000FF210 /* Resources */,
				D23BED3A19E32823000FF210 /* Supporting Files */,
			);
			path = EpiTime;
			sourceTree = "<group>";
		};
		D23BED3A19E32823000FF210 /* Supporting Files */ = {
			isa = PBXGroup;
			children = (
				D23BED8E19E32A86000FF210 /* EpiTime-Info.plist */,
				D23BED8F19E32AA0000FF210 /* EpiTime Staging-Info.plist */,
				D23BED3C19E32823000FF210 /* main.m */,
			);
			name = "Supporting Files";
			sourceTree = "<group>";
		};
		D23BED5319E32823000FF210 /* EpiTimeTests */ = {
			isa = PBXGroup;
			children = (
				D23BED5619E32823000FF210 /* EpiTimeTests.m */,
				D23BED5419E32823000FF210 /* Supporting Files */,
			);
			path = EpiTimeTests;
			sourceTree = "<group>";
		};
		D23BED5419E32823000FF210 /* Supporting Files */ = {
			isa = PBXGroup;
			children = (
				D23BED5519E32823000FF210 /* Info.plist */,
			);
			name = "Supporting Files";
			sourceTree = "<group>";
		};
		D23BED6519E328C7000FF210 /* Frameworks */ = {
			isa = PBXGroup;
			children = (
				D2EE37591A894EA000E70651 /* libPods.a */,
				D2EE37571A894E9A00E70651 /* libPods.a */,
				D2EE37551A894E9200E70651 /* libPods.a */,
				D23BED6619E328C7000FF210 /* NotificationCenter.framework */,
			);
			name = Frameworks;
			sourceTree = "<group>";
		};
		D23BED9019E32AB1000FF210 /* Resources */ = {
			isa = PBXGroup;
			children = (
				D23BED4719E32823000FF210 /* Images.xcassets */,
				D215B37F1A307076007ED4F0 /* Loading.xcassets */,
				D2EF16F319EA031000D95789 /* Day.xcassets */,
			);
			name = Resources;
			sourceTree = "<group>";
		};
		D28002131A443C9E00861E20 /* Groups */ = {
			isa = PBXGroup;
			children = (
				D28002141A443F9D00861E20 /* ETGroupsViewController.h */,
				D28002151A443F9D00861E20 /* ETGroupsViewController.m */,
				D28002181A443FF900861E20 /* ETGroupTableViewCell.h */,
				D28002191A443FF900861E20 /* ETGroupTableViewCell.m */,
				D280021C1A44D18F00861E20 /* ETSchoolItem.h */,
				D280021D1A44D18F00861E20 /* ETSchoolItem.m */,
			);
			name = Groups;
			sourceTree = "<group>";
		};
		D2EE373C1A894CC100E70651 /* EpiTimeWidget */ = {
			isa = PBXGroup;
			children = (
				D2EE373F1A894CC100E70651 /* TodayViewController.h */,
				D2EE37401A894CC100E70651 /* TodayViewController.m */,
				D2EE37421A894CC100E70651 /* MainInterface.storyboard */,
				D2EE373D1A894CC100E70651 /* Supporting Files */,
			);
			path = EpiTimeWidget;
			sourceTree = "<group>";
		};
		D2EE373D1A894CC100E70651 /* Supporting Files */ = {
			isa = PBXGroup;
			children = (
				D2EE373E1A894CC100E70651 /* Info.plist */,
			);
			name = "Supporting Files";
			sourceTree = "<group>";
		};
		D2EF16EE19E9F82900D95789 /* Schedule */ = {
			isa = PBXGroup;
			children = (
				D2EF16EA19E9F82500D95789 /* ETDayTableViewController.h */,
				D2EF16EB19E9F82500D95789 /* ETDayTableViewController.m */,
				D2045F9D19EB0B4500F4CEFA /* ETWeekViewController.h */,
				D2045F9E19EB0B4500F4CEFA /* ETWeekViewController.m */,
				D2EF16EF19E9FDAD00D95789 /* ETCourseTableViewCell.h */,
				D2EF16F019E9FDAD00D95789 /* ETCourseTableViewCell.m */,
				D2EF16FE19EA067300D95789 /* ETWeekItem.h */,
				D2EF16FF19EA067300D95789 /* ETWeekItem.m */,
				D2EF16F619EA05D200D95789 /* ETDayItem.h */,
				D2EF16F719EA05D200D95789 /* ETDayItem.m */,
				D2EF16FA19EA065D00D95789 /* ETCourseItem.h */,
				D2EF16FB19EA065D00D95789 /* ETCourseItem.m */,
			);
			name = Schedule;
			sourceTree = "<group>";
		};
/* End PBXGroup section */

/* Begin PBXNativeTarget section */
		D23BED3619E32823000FF210 /* EpiTime */ = {
			isa = PBXNativeTarget;
			buildConfigurationList = D23BED5A19E32823000FF210 /* Build configuration list for PBXNativeTarget "EpiTime" */;
			buildPhases = (
				D2045FAC19EB4C1600F4CEFA /* Check Pods Manifest.lock */,
				D23BED3319E32823000FF210 /* Sources */,
				D23BED3419E32823000FF210 /* Frameworks */,
				D23BED3519E32823000FF210 /* Resources */,
				D23BED7819E328C7000FF210 /* Embed App Extensions */,
				D2045FAB19EB4BF700F4CEFA /* Copy Pods Resources */,
			);
			buildRules = (
			);
			dependencies = (
			);
			name = EpiTime;
			productName = EpiTime;
			productReference = D23BED3719E32823000FF210 /* EpiTime.app */;
			productType = "com.apple.product-type.application";
		};
		D23BED4F19E32823000FF210 /* EpiTimeTests */ = {
			isa = PBXNativeTarget;
			buildConfigurationList = D23BED5D19E32823000FF210 /* Build configuration list for PBXNativeTarget "EpiTimeTests" */;
			buildPhases = (
				D23BED4C19E32823000FF210 /* Sources */,
				D23BED4D19E32823000FF210 /* Frameworks */,
				D23BED4E19E32823000FF210 /* Resources */,
			);
			buildRules = (
			);
			dependencies = (
				D23BED5219E32823000FF210 /* PBXTargetDependency */,
			);
			name = EpiTimeTests;
			productName = EpiTimeTests;
			productReference = D23BED5019E32823000FF210 /* EpiTimeTests.xctest */;
			productType = "com.apple.product-type.bundle.unit-test";
		};
		D23BED7919E328DA000FF210 /* EpiTime Staging */ = {
			isa = PBXNativeTarget;
			buildConfigurationList = D23BED8919E328DA000FF210 /* Build configuration list for PBXNativeTarget "EpiTime Staging" */;
			buildPhases = (
				D2045FAD19EB4C8500F4CEFA /* Check Pods Manifest.lock */,
				D23BED7E19E328DA000FF210 /* Sources */,
				D23BED8219E328DA000FF210 /* Frameworks */,
				D23BED8319E328DA000FF210 /* Resources */,
				D27EC83E1A860FB50044074B /* Embed App Extensions */,
				76787493055F4107ABE1E363 /* Copy Pods Resources */,
			);
			buildRules = (
			);
			dependencies = (
				D2EE37451A894CC100E70651 /* PBXTargetDependency */,
			);
			name = "EpiTime Staging";
			productName = EpiTime;
			productReference = D23BED8C19E328DA000FF210 /* EpiTime Staging.app */;
			productType = "com.apple.product-type.application";
		};
		D2EE37391A894CC100E70651 /* EpiTimeWidget */ = {
			isa = PBXNativeTarget;
			buildConfigurationList = D2EE37471A894CC100E70651 /* Build configuration list for PBXNativeTarget "EpiTimeWidget" */;
			buildPhases = (
				D2EE37361A894CC100E70651 /* Sources */,
				D2EE37371A894CC100E70651 /* Frameworks */,
				D2EE37381A894CC100E70651 /* Resources */,
			);
			buildRules = (
			);
			dependencies = (
			);
			name = EpiTimeWidget;
			productName = EpiTimeWidget;
			productReference = D2EE373A1A894CC100E70651 /* EpiTimeWidget.appex */;
			productType = "com.apple.product-type.app-extension";
		};
/* End PBXNativeTarget section */

/* Begin PBXProject section */
		D23BED2F19E32823000FF210 /* Project object */ = {
			isa = PBXProject;
			attributes = {
				LastUpgradeCheck = 0610;
				ORGANIZATIONNAME = EpiTime;
				TargetAttributes = {
					D23BED3619E32823000FF210 = {
						CreatedOnToolsVersion = 6.0.1;
						DevelopmentTeam = E5L7NC8M9T;
						SystemCapabilities = {
							com.apple.ApplicationGroups.iOS = {
								enabled = 0;
							};
						};
					};
					D23BED4F19E32823000FF210 = {
						CreatedOnToolsVersion = 6.0.1;
						TestTargetID = D23BED3619E32823000FF210;
					};
					D23BED7919E328DA000FF210 = {
						DevelopmentTeam = E5L7NC8M9T;
						SystemCapabilities = {
							com.apple.ApplicationGroups.iOS = {
								enabled = 0;
							};
						};
					};
					D2EE37391A894CC100E70651 = {
						CreatedOnToolsVersion = 6.1.1;
						DevelopmentTeam = E5L7NC8M9T;
					};
				};
			};
			buildConfigurationList = D23BED3219E32823000FF210 /* Build configuration list for PBXProject "EpiTime" */;
			compatibilityVersion = "Xcode 3.2";
			developmentRegion = English;
			hasScannedForEncodings = 0;
			knownRegions = (
				en,
				Base,
			);
			mainGroup = D23BED2E19E32823000FF210;
			productRefGroup = D23BED3819E32823000FF210 /* Products */;
			projectDirPath = "";
			projectRoot = "";
			targets = (
				D23BED7919E328DA000FF210 /* EpiTime Staging */,
				D23BED3619E32823000FF210 /* EpiTime */,
				D23BED4F19E32823000FF210 /* EpiTimeTests */,
				D2EE37391A894CC100E70651 /* EpiTimeWidget */,
			);
		};
/* End PBXProject section */

/* Begin PBXResourcesBuildPhase section */
		D23BED3519E32823000FF210 /* Resources */ = {
			isa = PBXResourcesBuildPhase;
			buildActionMask = 2147483647;
			files = (
				D215B3811A307076007ED4F0 /* Loading.xcassets in Resources */,
				D23BED4619E32823000FF210 /* Main.storyboard in Resources */,
				D23BED4B19E32823000FF210 /* LaunchScreen.xib in Resources */,
				D2EF16F519EA031000D95789 /* Day.xcassets in Resources */,
				D23BED4819E32823000FF210 /* Images.xcassets in Resources */,
			);
			runOnlyForDeploymentPostprocessing = 0;
		};
		D23BED4E19E32823000FF210 /* Resources */ = {
			isa = PBXResourcesBuildPhase;
			buildActionMask = 2147483647;
			files = (
			);
			runOnlyForDeploymentPostprocessing = 0;
		};
		D23BED8319E328DA000FF210 /* Resources */ = {
			isa = PBXResourcesBuildPhase;
			buildActionMask = 2147483647;
			files = (
				D215B3801A307076007ED4F0 /* Loading.xcassets in Resources */,
				D23BED8419E328DA000FF210 /* Main.storyboard in Resources */,
				D23BED8519E328DA000FF210 /* LaunchScreen.xib in Resources */,
				D2EF16F419EA031000D95789 /* Day.xcassets in Resources */,
				D23BED8619E328DA000FF210 /* Images.xcassets in Resources */,
			);
			runOnlyForDeploymentPostprocessing = 0;
		};
		D2EE37381A894CC100E70651 /* Resources */ = {
			isa = PBXResourcesBuildPhase;
			buildActionMask = 2147483647;
			files = (
				D2EE37431A894CC100E70651 /* MainInterface.storyboard in Resources */,
			);
			runOnlyForDeploymentPostprocessing = 0;
		};
/* End PBXResourcesBuildPhase section */

/* Begin PBXShellScriptBuildPhase section */
		76787493055F4107ABE1E363 /* Copy Pods Resources */ = {
			isa = PBXShellScriptBuildPhase;
			buildActionMask = 2147483647;
			files = (
			);
			inputPaths = (
			);
			name = "Copy Pods Resources";
			outputPaths = (
			);
			runOnlyForDeploymentPostprocessing = 0;
			shellPath = /bin/sh;
			shellScript = "\"${SRCROOT}/Pods/Target Support Files/Pods/Pods-resources.sh\"\n";
			showEnvVarsInLog = 0;
		};
		D2045FAB19EB4BF700F4CEFA /* Copy Pods Resources */ = {
			isa = PBXShellScriptBuildPhase;
			buildActionMask = 2147483647;
			files = (
			);
			inputPaths = (
			);
			name = "Copy Pods Resources";
			outputPaths = (
			);
			runOnlyForDeploymentPostprocessing = 0;
			shellPath = /bin/sh;
			shellScript = "\"${SRCROOT}/Pods/Pods-resources.sh\"\n";
			showEnvVarsInLog = 0;
		};
		D2045FAC19EB4C1600F4CEFA /* Check Pods Manifest.lock */ = {
			isa = PBXShellScriptBuildPhase;
			buildActionMask = 2147483647;
			files = (
			);
			inputPaths = (
			);
			name = "Check Pods Manifest.lock";
			outputPaths = (
			);
			runOnlyForDeploymentPostprocessing = 0;
			shellPath = /bin/sh;
			shellScript = "diff \"${PODS_ROOT}/../Podfile.lock\" \"${PODS_ROOT}/Manifest.lock\" > /dev/null\nif [[ $? != 0 ]] ; then\ncat << EOM\nerror: The sandbox is not in sync with the Podfile.lock. Run 'pod install' or update your CocoaPods installation.\nEOM\nexit 1\nfi\n";
			showEnvVarsInLog = 0;
		};
		D2045FAD19EB4C8500F4CEFA /* Check Pods Manifest.lock */ = {
			isa = PBXShellScriptBuildPhase;
			buildActionMask = 2147483647;
			files = (
			);
			inputPaths = (
			);
			name = "Check Pods Manifest.lock";
			outputPaths = (
			);
			runOnlyForDeploymentPostprocessing = 0;
			shellPath = /bin/sh;
			shellScript = "diff \"${PODS_ROOT}/../Podfile.lock\" \"${PODS_ROOT}/Manifest.lock\" > /dev/null\nif [[ $? != 0 ]] ; then\ncat << EOM\nerror: The sandbox is not in sync with the Podfile.lock. Run 'pod install' or update your CocoaPods installation.\nEOM\nexit 1\nfi\n";
			showEnvVarsInLog = 0;
		};
/* End PBXShellScriptBuildPhase section */

/* Begin PBXSourcesBuildPhase section */
		D23BED3319E32823000FF210 /* Sources */ = {
			isa = PBXSourcesBuildPhase;
			buildActionMask = 2147483647;
			files = (
				D23BED4019E32823000FF210 /* ETAppDelegate.m in Sources */,
				D215B37E1A306CAF007ED4F0 /* UIImageView+Animation.m in Sources */,
				D280021B1A443FF900861E20 /* ETGroupTableViewCell.m in Sources */,
				D28002171A443F9D00861E20 /* ETGroupsViewController.m in Sources */,
				D23265E619E991A50009334B /* ETTools.m in Sources */,
				D2EF16F919EA05D200D95789 /* ETDayItem.m in Sources */,
				D2045FA419EB1E9600F4CEFA /* ETAPI.m in Sources */,
				D2EF170119EA067300D95789 /* ETWeekItem.m in Sources */,
				D23BED3D19E32823000FF210 /* main.m in Sources */,
				D2EF16FD19EA065D00D95789 /* ETCourseItem.m in Sources */,
				D2EF16ED19E9F82500D95789 /* ETDayTableViewController.m in Sources */,
				D280021F1A44D18F00861E20 /* ETSchoolItem.m in Sources */,
				D2045FA919EB200000F4CEFA /* ETConstants.m in Sources */,
				D2EF16F219E9FDAD00D95789 /* ETCourseTableViewCell.m in Sources */,
				D2045FA019EB0B4500F4CEFA /* ETWeekViewController.m in Sources */,
			);
			runOnlyForDeploymentPostprocessing = 0;
		};
		D23BED4C19E32823000FF210 /* Sources */ = {
			isa = PBXSourcesBuildPhase;
			buildActionMask = 2147483647;
			files = (
				D23265E719E991A50009334B /* ETTools.m in Sources */,
				D23BED5719E32823000FF210 /* EpiTimeTests.m in Sources */,
			);
			runOnlyForDeploymentPostprocessing = 0;
		};
		D23BED7E19E328DA000FF210 /* Sources */ = {
			isa = PBXSourcesBuildPhase;
			buildActionMask = 2147483647;
			files = (
				D23BED8019E328DA000FF210 /* ETAppDelegate.m in Sources */,
				D215B37D1A306CAF007ED4F0 /* UIImageView+Animation.m in Sources */,
				D280021A1A443FF900861E20 /* ETGroupTableViewCell.m in Sources */,
				D28002161A443F9D00861E20 /* ETGroupsViewController.m in Sources */,
				D23265E519E991A50009334B /* ETTools.m in Sources */,
				D2EF16F819EA05D200D95789 /* ETDayItem.m in Sources */,
				D2045FA319EB1E9600F4CEFA /* ETAPI.m in Sources */,
				D2EF170019EA067300D95789 /* ETWeekItem.m in Sources */,
				D23BED8119E328DA000FF210 /* main.m in Sources */,
				D2EF16FC19EA065D00D95789 /* ETCourseItem.m in Sources */,
				D2EF16EC19E9F82500D95789 /* ETDayTableViewController.m in Sources */,
				D280021E1A44D18F00861E20 /* ETSchoolItem.m in Sources */,
				D2045FA819EB200000F4CEFA /* ETConstants.m in Sources */,
				D2EF16F119E9FDAD00D95789 /* ETCourseTableViewCell.m in Sources */,
				D2045F9F19EB0B4500F4CEFA /* ETWeekViewController.m in Sources */,
			);
			runOnlyForDeploymentPostprocessing = 0;
		};
		D2EE37361A894CC100E70651 /* Sources */ = {
			isa = PBXSourcesBuildPhase;
			buildActionMask = 2147483647;
			files = (
				D2781CA21A8950D30090369F /* ETSchoolItem.m in Sources */,
				D2EE374C1A894D4700E70651 /* ETCourseTableViewCell.m in Sources */,
				D2EE374D1A894D4700E70651 /* ETWeekItem.m in Sources */,
				D2EE374E1A894D4700E70651 /* ETDayItem.m in Sources */,
				D2EE374F1A894D4700E70651 /* ETCourseItem.m in Sources */,
				D2EE37501A894D4700E70651 /* ETAPI.m in Sources */,
				D2EE37511A894D4700E70651 /* ETTools.m in Sources */,
				D2EE37521A894D4700E70651 /* ETConstants.m in Sources */,
				D2EE37411A894CC100E70651 /* TodayViewController.m in Sources */,
			);
			runOnlyForDeploymentPostprocessing = 0;
		};
/* End PBXSourcesBuildPhase section */

/* Begin PBXTargetDependency section */
		D23BED5219E32823000FF210 /* PBXTargetDependency */ = {
			isa = PBXTargetDependency;
			target = D23BED3619E32823000FF210 /* EpiTime */;
			targetProxy = D23BED5119E32823000FF210 /* PBXContainerItemProxy */;
		};
		D2EE37451A894CC100E70651 /* PBXTargetDependency */ = {
			isa = PBXTargetDependency;
			target = D2EE37391A894CC100E70651 /* EpiTimeWidget */;
			targetProxy = D2EE37441A894CC100E70651 /* PBXContainerItemProxy */;
		};
/* End PBXTargetDependency section */

/* Begin PBXVariantGroup section */
		D23BED4419E32823000FF210 /* Main.storyboard */ = {
			isa = PBXVariantGroup;
			children = (
				D23BED4519E32823000FF210 /* Base */,
			);
			name = Main.storyboard;
			sourceTree = "<group>";
		};
		D23BED4919E32823000FF210 /* LaunchScreen.xib */ = {
			isa = PBXVariantGroup;
			children = (
				D23BED4A19E32823000FF210 /* Base */,
			);
			name = LaunchScreen.xib;
			sourceTree = "<group>";
		};
/* End PBXVariantGroup section */

/* Begin XCBuildConfiguration section */
		D23BED5819E32823000FF210 /* Debug */ = {
			isa = XCBuildConfiguration;
			buildSettings = {
				ALWAYS_SEARCH_USER_PATHS = YES;
				CLANG_CXX_LANGUAGE_STANDARD = "gnu++0x";
				CLANG_CXX_LIBRARY = "libc++";
				CLANG_ENABLE_MODULES = YES;
				CLANG_ENABLE_OBJC_ARC = YES;
				CLANG_WARN_BOOL_CONVERSION = YES;
				CLANG_WARN_CONSTANT_CONVERSION = YES;
				CLANG_WARN_DIRECT_OBJC_ISA_USAGE = YES_ERROR;
				CLANG_WARN_EMPTY_BODY = YES;
				CLANG_WARN_ENUM_CONVERSION = YES;
				CLANG_WARN_INT_CONVERSION = YES;
				CLANG_WARN_OBJC_ROOT_CLASS = YES_ERROR;
				CLANG_WARN_UNREACHABLE_CODE = YES;
				CLANG_WARN__DUPLICATE_METHOD_MATCH = YES;
				"CODE_SIGN_IDENTITY[sdk=iphoneos*]" = "iPhone Developer";
				COPY_PHASE_STRIP = NO;
				ENABLE_STRICT_OBJC_MSGSEND = YES;
				GCC_C_LANGUAGE_STANDARD = gnu99;
				GCC_DYNAMIC_NO_PIC = NO;
				GCC_OPTIMIZATION_LEVEL = 0;
				GCC_PREPROCESSOR_DEFINITIONS = (
					"DEBUG=1",
					"$(inherited)",
				);
				GCC_SYMBOLS_PRIVATE_EXTERN = NO;
				GCC_WARN_64_TO_32_BIT_CONVERSION = YES;
				GCC_WARN_ABOUT_RETURN_TYPE = YES_ERROR;
				GCC_WARN_UNDECLARED_SELECTOR = YES;
				GCC_WARN_UNINITIALIZED_AUTOS = YES_AGGRESSIVE;
				GCC_WARN_UNUSED_FUNCTION = YES;
				GCC_WARN_UNUSED_VARIABLE = YES;
				IPHONEOS_DEPLOYMENT_TARGET = 8.0;
				MTL_ENABLE_DEBUG_INFO = YES;
				ONLY_ACTIVE_ARCH = YES;
				SDKROOT = iphoneos;
			};
			name = Debug;
		};
		D23BED5919E32823000FF210 /* Release */ = {
			isa = XCBuildConfiguration;
			buildSettings = {
				ALWAYS_SEARCH_USER_PATHS = YES;
				CLANG_CXX_LANGUAGE_STANDARD = "gnu++0x";
				CLANG_CXX_LIBRARY = "libc++";
				CLANG_ENABLE_MODULES = YES;
				CLANG_ENABLE_OBJC_ARC = YES;
				CLANG_WARN_BOOL_CONVERSION = YES;
				CLANG_WARN_CONSTANT_CONVERSION = YES;
				CLANG_WARN_DIRECT_OBJC_ISA_USAGE = YES_ERROR;
				CLANG_WARN_EMPTY_BODY = YES;
				CLANG_WARN_ENUM_CONVERSION = YES;
				CLANG_WARN_INT_CONVERSION = YES;
				CLANG_WARN_OBJC_ROOT_CLASS = YES_ERROR;
				CLANG_WARN_UNREACHABLE_CODE = YES;
				CLANG_WARN__DUPLICATE_METHOD_MATCH = YES;
				"CODE_SIGN_IDENTITY[sdk=iphoneos*]" = "iPhone Developer";
				COPY_PHASE_STRIP = YES;
				ENABLE_NS_ASSERTIONS = NO;
				ENABLE_STRICT_OBJC_MSGSEND = YES;
				GCC_C_LANGUAGE_STANDARD = gnu99;
				GCC_WARN_64_TO_32_BIT_CONVERSION = YES;
				GCC_WARN_ABOUT_RETURN_TYPE = YES_ERROR;
				GCC_WARN_UNDECLARED_SELECTOR = YES;
				GCC_WARN_UNINITIALIZED_AUTOS = YES_AGGRESSIVE;
				GCC_WARN_UNUSED_FUNCTION = YES;
				GCC_WARN_UNUSED_VARIABLE = YES;
				IPHONEOS_DEPLOYMENT_TARGET = 8.0;
				MTL_ENABLE_DEBUG_INFO = NO;
				SDKROOT = iphoneos;
				VALIDATE_PRODUCT = YES;
			};
			name = Release;
		};
		D23BED5B19E32823000FF210 /* Debug */ = {
			isa = XCBuildConfiguration;
			baseConfigurationReference = 17F193E0234C88AF8757E8AB /* Pods.debug.xcconfig */;
			buildSettings = {
				ASSETCATALOG_COMPILER_APPICON_NAME = AppIcon;
				CODE_SIGN_IDENTITY = "iPhone Developer";
				"CODE_SIGN_IDENTITY[sdk=iphoneos*]" = "iPhone Developer";
				INFOPLIST_FILE = "EpiTime/EpiTime-Info.plist";
				IPHONEOS_DEPLOYMENT_TARGET = 8.0;
				LD_RUNPATH_SEARCH_PATHS = "$(inherited) @executable_path/Frameworks";
				LIBRARY_SEARCH_PATHS = (
					"$(inherited)",
					"$(PROJECT_DIR)/Pods/build/Debug-iphoneos",
				);
				PRODUCT_NAME = "$(TARGET_NAME)";
				PROVISIONING_PROFILE = "";
			};
			name = Debug;
		};
		D23BED5C19E32823000FF210 /* Release */ = {
			isa = XCBuildConfiguration;
			baseConfigurationReference = 90738772E0B42BB0F4E3E2A4 /* Pods.release.xcconfig */;
			buildSettings = {
				ASSETCATALOG_COMPILER_APPICON_NAME = AppIcon;
				CODE_SIGN_IDENTITY = "iPhone Developer";
				"CODE_SIGN_IDENTITY[sdk=iphoneos*]" = "iPhone Developer";
				INFOPLIST_FILE = "EpiTime/EpiTime-Info.plist";
				IPHONEOS_DEPLOYMENT_TARGET = 8.0;
				LD_RUNPATH_SEARCH_PATHS = "$(inherited) @executable_path/Frameworks";
				LIBRARY_SEARCH_PATHS = (
					"$(inherited)",
					"$(PROJECT_DIR)/Pods/build/Debug-iphoneos",
				);
				PRODUCT_NAME = "$(TARGET_NAME)";
				PROVISIONING_PROFILE = "";
			};
			name = Release;
		};
		D23BED5E19E32823000FF210 /* Debug */ = {
			isa = XCBuildConfiguration;
			baseConfigurationReference = 17F193E0234C88AF8757E8AB /* Pods.debug.xcconfig */;
			buildSettings = {
				BUNDLE_LOADER = "$(TEST_HOST)";
				FRAMEWORK_SEARCH_PATHS = (
					"$(SDKROOT)/Developer/Library/Frameworks",
					"$(inherited)",
				);
				GCC_PREPROCESSOR_DEFINITIONS = (
					"DEBUG=1",
					"$(inherited)",
				);
				INFOPLIST_FILE = EpiTimeTests/Info.plist;
				LD_RUNPATH_SEARCH_PATHS = "$(inherited) @executable_path/Frameworks @loader_path/Frameworks";
				PRODUCT_NAME = "$(TARGET_NAME)";
				TEST_HOST = "$(BUILT_PRODUCTS_DIR)/EpiTime.app/EpiTime";
			};
			name = Debug;
		};
		D23BED5F19E32823000FF210 /* Release */ = {
			isa = XCBuildConfiguration;
			baseConfigurationReference = 90738772E0B42BB0F4E3E2A4 /* Pods.release.xcconfig */;
			buildSettings = {
				BUNDLE_LOADER = "$(TEST_HOST)";
				FRAMEWORK_SEARCH_PATHS = (
					"$(SDKROOT)/Developer/Library/Frameworks",
					"$(inherited)",
				);
				INFOPLIST_FILE = EpiTimeTests/Info.plist;
				LD_RUNPATH_SEARCH_PATHS = "$(inherited) @executable_path/Frameworks @loader_path/Frameworks";
				PRODUCT_NAME = "$(TARGET_NAME)";
				TEST_HOST = "$(BUILT_PRODUCTS_DIR)/EpiTime.app/EpiTime";
			};
			name = Release;
		};
		D23BED8A19E328DA000FF210 /* Debug */ = {
			isa = XCBuildConfiguration;
			baseConfigurationReference = 17F193E0234C88AF8757E8AB /* Pods.debug.xcconfig */;
			buildSettings = {
				ASSETCATALOG_COMPILER_APPICON_NAME = AppIcon;
				CODE_SIGN_IDENTITY = "iPhone Developer";
				"CODE_SIGN_IDENTITY[sdk=iphoneos*]" = "iPhone Developer";
				INFOPLIST_FILE = "EpiTime/EpiTime Staging-Info.plist";
				IPHONEOS_DEPLOYMENT_TARGET = 8.0;
				LD_RUNPATH_SEARCH_PATHS = "$(inherited) @executable_path/Frameworks";
				LIBRARY_SEARCH_PATHS = (
					"$(inherited)",
					"$(PROJECT_DIR)/Pods/build/Debug-iphoneos",
				);
				PRODUCT_NAME = "EpiTime Staging";
				PROVISIONING_PROFILE = "";
			};
			name = Debug;
		};
		D23BED8B19E328DA000FF210 /* Release */ = {
			isa = XCBuildConfiguration;
			baseConfigurationReference = 90738772E0B42BB0F4E3E2A4 /* Pods.release.xcconfig */;
			buildSettings = {
				ASSETCATALOG_COMPILER_APPICON_NAME = AppIcon;
				CODE_SIGN_IDENTITY = "iPhone Developer";
				"CODE_SIGN_IDENTITY[sdk=iphoneos*]" = "iPhone Developer";
				INFOPLIST_FILE = "EpiTime/EpiTime Staging-Info.plist";
				IPHONEOS_DEPLOYMENT_TARGET = 8.0;
				LD_RUNPATH_SEARCH_PATHS = "$(inherited) @executable_path/Frameworks";
				LIBRARY_SEARCH_PATHS = (
					"$(inherited)",
					"$(PROJECT_DIR)/Pods/build/Debug-iphoneos",
				);
				PRODUCT_NAME = "EpiTime Staging";
				PROVISIONING_PROFILE = "";
			};
			name = Release;
		};
		D2EE37481A894CC100E70651 /* Debug */ = {
			isa = XCBuildConfiguration;
			baseConfigurationReference = 17F193E0234C88AF8757E8AB /* Pods.debug.xcconfig */;
			buildSettings = {
				CODE_SIGN_IDENTITY = "iPhone Developer";
				"CODE_SIGN_IDENTITY[sdk=iphoneos*]" = "iPhone Developer";
				GCC_PREPROCESSOR_DEFINITIONS = (
					"DEBUG=1",
					"$(inherited)",
				);
				INFOPLIST_FILE = EpiTimeWidget/Info.plist;
				IPHONEOS_DEPLOYMENT_TARGET = 8.1;
				LD_RUNPATH_SEARCH_PATHS = "$(inherited) @executable_path/Frameworks @executable_path/../../Frameworks";
				LIBRARY_SEARCH_PATHS = (
					"$(inherited)",
					"$(PROJECT_DIR)/Pods/build/Debug-iphoneos",
				);
				PRODUCT_NAME = "$(TARGET_NAME)";
				SKIP_INSTALL = YES;
			};
			name = Debug;
		};
		D2EE37491A894CC100E70651 /* Release */ = {
			isa = XCBuildConfiguration;
			baseConfigurationReference = 90738772E0B42BB0F4E3E2A4 /* Pods.release.xcconfig */;
			buildSettings = {
				CODE_SIGN_IDENTITY = "iPhone Developer";
				"CODE_SIGN_IDENTITY[sdk=iphoneos*]" = "iPhone Developer";
				INFOPLIST_FILE = EpiTimeWidget/Info.plist;
				IPHONEOS_DEPLOYMENT_TARGET = 8.1;
				LD_RUNPATH_SEARCH_PATHS = "$(inherited) @executable_path/Frameworks @executable_path/../../Frameworks";
				LIBRARY_SEARCH_PATHS = (
					"$(inherited)",
					"$(PROJECT_DIR)/Pods/build/Debug-iphoneos",
				);
				PRODUCT_NAME = "$(TARGET_NAME)";
				SKIP_INSTALL = YES;
			};
			name = Release;
		};
/* End XCBuildConfiguration section */

/* Begin XCConfigurationList section */
		D23BED3219E32823000FF210 /* Build configuration list for PBXProject "EpiTime" */ = {
			isa = XCConfigurationList;
			buildConfigurations = (
				D23BED5819E32823000FF210 /* Debug */,
				D23BED5919E32823000FF210 /* Release */,
			);
			defaultConfigurationIsVisible = 0;
			defaultConfigurationName = Release;
		};
		D23BED5A19E32823000FF210 /* Build configuration list for PBXNativeTarget "EpiTime" */ = {
			isa = XCConfigurationList;
			buildConfigurations = (
				D23BED5B19E32823000FF210 /* Debug */,
				D23BED5C19E32823000FF210 /* Release */,
			);
			defaultConfigurationIsVisible = 0;
			defaultConfigurationName = Release;
		};
		D23BED5D19E32823000FF210 /* Build configuration list for PBXNativeTarget "EpiTimeTests" */ = {
			isa = XCConfigurationList;
			buildConfigurations = (
				D23BED5E19E32823000FF210 /* Debug */,
				D23BED5F19E32823000FF210 /* Release */,
			);
			defaultConfigurationIsVisible = 0;
			defaultConfigurationName = Release;
		};
		D23BED8919E328DA000FF210 /* Build configuration list for PBXNativeTarget "EpiTime Staging" */ = {
			isa = XCConfigurationList;
			buildConfigurations = (
				D23BED8A19E328DA000FF210 /* Debug */,
				D23BED8B19E328DA000FF210 /* Release */,
			);
			defaultConfigurationIsVisible = 0;
			defaultConfigurationName = Release;
		};
		D2EE37471A894CC100E70651 /* Build configuration list for PBXNativeTarget "EpiTimeWidget" */ = {
			isa = XCConfigurationList;
			buildConfigurations = (
				D2EE37481A894CC100E70651 /* Debug */,
				D2EE37491A894CC100E70651 /* Release */,
			);
			defaultConfigurationIsVisible = 0;
			defaultConfigurationName = Release;
		};
/* End XCConfigurationList section */
	};
	rootObject = D23BED2F19E32823000FF210 /* Project object */;
}
