// !$*UTF8*$!
{
	archiveVersion = 1;
	classes = {
	};
	objectVersion = 46;
	objects = {

/* Begin PBXBuildFile section */
		D2045F9F19EB0B4500F4CEFA /* ETWeekViewController.m in Sources */ = {isa = PBXBuildFile; fileRef = D2045F9E19EB0B4500F4CEFA /* ETWeekViewController.m */; };
		D2045FA019EB0B4500F4CEFA /* ETWeekViewController.m in Sources */ = {isa = PBXBuildFile; fileRef = D2045F9E19EB0B4500F4CEFA /* ETWeekViewController.m */; };
		D2045FA319EB1E9600F4CEFA /* ETAPI.m in Sources */ = {isa = PBXBuildFile; fileRef = D2045FA219EB1E9600F4CEFA /* ETAPI.m */; };
		D2045FA419EB1E9600F4CEFA /* ETAPI.m in Sources */ = {isa = PBXBuildFile; fileRef = D2045FA219EB1E9600F4CEFA /* ETAPI.m */; };
		D2045FA819EB200000F4CEFA /* ETConstants.m in Sources */ = {isa = PBXBuildFile; fileRef = D2045FA719EB200000F4CEFA /* ETConstants.m */; };
		D2045FA919EB200000F4CEFA /* ETConstants.m in Sources */ = {isa = PBXBuildFile; fileRef = D2045FA719EB200000F4CEFA /* ETConstants.m */; };
		D21110E31AF30228006FB158 /* Images.xcassets in Resources */ = {isa = PBXBuildFile; fileRef = D23BED4719E32823000FF210 /* Images.xcassets */; };
		D215B37D1A306CAF007ED4F0 /* UIImageView+Animation.m in Sources */ = {isa = PBXBuildFile; fileRef = D215B37C1A306CAF007ED4F0 /* UIImageView+Animation.m */; };
		D215B37E1A306CAF007ED4F0 /* UIImageView+Animation.m in Sources */ = {isa = PBXBuildFile; fileRef = D215B37C1A306CAF007ED4F0 /* UIImageView+Animation.m */; };
		D215B3801A307076007ED4F0 /* Loading.xcassets in Resources */ = {isa = PBXBuildFile; fileRef = D215B37F1A307076007ED4F0 /* Loading.xcassets */; };
		D215B3811A307076007ED4F0 /* Loading.xcassets in Resources */ = {isa = PBXBuildFile; fileRef = D215B37F1A307076007ED4F0 /* Loading.xcassets */; };
		D22839E71A973D24001DEB27 /* ETGroupItem.m in Sources */ = {isa = PBXBuildFile; fileRef = D280021D1A44D18F00861E20 /* ETGroupItem.m */; };
		D22839E81A973D24001DEB27 /* ETCourseTableViewCell.m in Sources */ = {isa = PBXBuildFile; fileRef = D2EF16F019E9FDAD00D95789 /* ETCourseTableViewCell.m */; };
		D22839E91A973D24001DEB27 /* ETWeekItem.m in Sources */ = {isa = PBXBuildFile; fileRef = D2EF16FF19EA067300D95789 /* ETWeekItem.m */; };
		D22839EA1A973D24001DEB27 /* ETDayItem.m in Sources */ = {isa = PBXBuildFile; fileRef = D2EF16F719EA05D200D95789 /* ETDayItem.m */; };
		D22839EB1A973D24001DEB27 /* ETCourseItem.m in Sources */ = {isa = PBXBuildFile; fileRef = D2EF16FB19EA065D00D95789 /* ETCourseItem.m */; };
		D22839EC1A973D24001DEB27 /* ETAPI.m in Sources */ = {isa = PBXBuildFile; fileRef = D2045FA219EB1E9600F4CEFA /* ETAPI.m */; };
		D22839ED1A973D24001DEB27 /* ETTools.m in Sources */ = {isa = PBXBuildFile; fileRef = D23265E419E991A50009334B /* ETTools.m */; };
		D22839EE1A973D24001DEB27 /* ETConstants.m in Sources */ = {isa = PBXBuildFile; fileRef = D2045FA719EB200000F4CEFA /* ETConstants.m */; };
		D22839EF1A973D24001DEB27 /* TodayViewController.m in Sources */ = {isa = PBXBuildFile; fileRef = D2EE37401A894CC100E70651 /* TodayViewController.m */; };
		D22839F11A973D24001DEB27 /* libPods.a in Frameworks */ = {isa = PBXBuildFile; fileRef = D2EE37551A894E9200E70651 /* libPods.a */; settings = {ATTRIBUTES = (Required, ); }; };
		D22839F21A973D24001DEB27 /* NotificationCenter.framework in Frameworks */ = {isa = PBXBuildFile; fileRef = D23BED6619E328C7000FF210 /* NotificationCenter.framework */; };
		D22839F41A973D24001DEB27 /* MainInterface.storyboard in Resources */ = {isa = PBXBuildFile; fileRef = D2EE37421A894CC100E70651 /* MainInterface.storyboard */; };
		D22839FC1A974218001DEB27 /* EpiTimeWidget Staging.appex in Embed App Extensions */ = {isa = PBXBuildFile; fileRef = D22839F81A973D24001DEB27 /* EpiTimeWidget Staging.appex */; settings = {ATTRIBUTES = (RemoveHeadersOnCopy, ); }; };
		D23265E519E991A50009334B /* ETTools.m in Sources */ = {isa = PBXBuildFile; fileRef = D23265E419E991A50009334B /* ETTools.m */; };
		D23265E619E991A50009334B /* ETTools.m in Sources */ = {isa = PBXBuildFile; fileRef = D23265E419E991A50009334B /* ETTools.m */; };
		D23265E719E991A50009334B /* ETTools.m in Sources */ = {isa = PBXBuildFile; fileRef = D23265E419E991A50009334B /* ETTools.m */; };
		D23BED3D19E32823000FF210 /* main.m in Sources */ = {isa = PBXBuildFile; fileRef = D23BED3C19E32823000FF210 /* main.m */; };
		D23BED4019E32823000FF210 /* ETAppDelegate.m in Sources */ = {isa = PBXBuildFile; fileRef = D23BED3F19E32823000FF210 /* ETAppDelegate.m */; };
		D23BED4619E32823000FF210 /* Main.storyboard in Resources */ = {isa = PBXBuildFile; fileRef = D23BED4419E32823000FF210 /* Main.storyboard */; };
		D23BED4819E32823000FF210 /* Images.xcassets in Resources */ = {isa = PBXBuildFile; fileRef = D23BED4719E32823000FF210 /* Images.xcassets */; };
		D23BED4B19E32823000FF210 /* LaunchScreen.xib in Resources */ = {isa = PBXBuildFile; fileRef = D23BED4919E32823000FF210 /* LaunchScreen.xib */; };
		D23BED5719E32823000FF210 /* EpiTimeTests.m in Sources */ = {isa = PBXBuildFile; fileRef = D23BED5619E32823000FF210 /* EpiTimeTests.m */; };
		D23BED8019E328DA000FF210 /* ETAppDelegate.m in Sources */ = {isa = PBXBuildFile; fileRef = D23BED3F19E32823000FF210 /* ETAppDelegate.m */; };
		D23BED8119E328DA000FF210 /* main.m in Sources */ = {isa = PBXBuildFile; fileRef = D23BED3C19E32823000FF210 /* main.m */; };
		D23BED8419E328DA000FF210 /* Main.storyboard in Resources */ = {isa = PBXBuildFile; fileRef = D23BED4419E32823000FF210 /* Main.storyboard */; };
		D23BED8519E328DA000FF210 /* LaunchScreen.xib in Resources */ = {isa = PBXBuildFile; fileRef = D23BED4919E32823000FF210 /* LaunchScreen.xib */; };
		D23BED8619E328DA000FF210 /* Images.xcassets in Resources */ = {isa = PBXBuildFile; fileRef = D23BED4719E32823000FF210 /* Images.xcassets */; };
		D2781CA21A8950D30090369F /* ETGroupItem.m in Sources */ = {isa = PBXBuildFile; fileRef = D280021D1A44D18F00861E20 /* ETGroupItem.m */; };
		D28002161A443F9D00861E20 /* ETGroupsViewController.m in Sources */ = {isa = PBXBuildFile; fileRef = D28002151A443F9D00861E20 /* ETGroupsViewController.m */; };
		D28002171A443F9D00861E20 /* ETGroupsViewController.m in Sources */ = {isa = PBXBuildFile; fileRef = D28002151A443F9D00861E20 /* ETGroupsViewController.m */; };
		D280021A1A443FF900861E20 /* ETGroupTableViewCell.m in Sources */ = {isa = PBXBuildFile; fileRef = D28002191A443FF900861E20 /* ETGroupTableViewCell.m */; };
		D280021B1A443FF900861E20 /* ETGroupTableViewCell.m in Sources */ = {isa = PBXBuildFile; fileRef = D28002191A443FF900861E20 /* ETGroupTableViewCell.m */; };
		D280021E1A44D18F00861E20 /* ETGroupItem.m in Sources */ = {isa = PBXBuildFile; fileRef = D280021D1A44D18F00861E20 /* ETGroupItem.m */; };
		D280021F1A44D18F00861E20 /* ETGroupItem.m in Sources */ = {isa = PBXBuildFile; fileRef = D280021D1A44D18F00861E20 /* ETGroupItem.m */; };
		D29AF9C31B0E876F00D22A48 /* EpiTimeWidget.appex in Embed App Extensions */ = {isa = PBXBuildFile; fileRef = D2EE373A1A894CC100E70651 /* EpiTimeWidget.appex */; settings = {ATTRIBUTES = (RemoveHeadersOnCopy, ); }; };
		D29AF9C51B0E885300D22A48 /* EpiTime WatchKit Extension.appex in Embed App Extensions */ = {isa = PBXBuildFile; fileRef = D2DDA85F1AF2F8860094BC02 /* EpiTime WatchKit Extension.appex */; settings = {ATTRIBUTES = (RemoveHeadersOnCopy, ); }; };
		D2A222971B24FA2B00B12AC1 /* ETDatePickerView.xib in Resources */ = {isa = PBXBuildFile; fileRef = D2A222961B24FA2B00B12AC1 /* ETDatePickerView.xib */; };
		D2A222981B24FA2B00B12AC1 /* ETDatePickerView.xib in Resources */ = {isa = PBXBuildFile; fileRef = D2A222961B24FA2B00B12AC1 /* ETDatePickerView.xib */; };
		D2A2229B1B24FAF500B12AC1 /* ETDatePickerView.m in Sources */ = {isa = PBXBuildFile; fileRef = D2A2229A1B24FAF500B12AC1 /* ETDatePickerView.m */; };
		D2A2229C1B24FAF500B12AC1 /* ETDatePickerView.m in Sources */ = {isa = PBXBuildFile; fileRef = D2A2229A1B24FAF500B12AC1 /* ETDatePickerView.m */; };
		D2B24E5F1AF2F90F00948883 /* ClassRow.m in Sources */ = {isa = PBXBuildFile; fileRef = D2B24E5E1AF2F90F00948883 /* ClassRow.m */; };
		D2BAE0971B0C7D68003D990E /* ETAPI.m in Sources */ = {isa = PBXBuildFile; fileRef = D2045FA219EB1E9600F4CEFA /* ETAPI.m */; };
		D2BAE09C1B0C8024003D990E /* ETGroupItem.m in Sources */ = {isa = PBXBuildFile; fileRef = D280021D1A44D18F00861E20 /* ETGroupItem.m */; };
		D2BAE09D1B0C8032003D990E /* ETTools.m in Sources */ = {isa = PBXBuildFile; fileRef = D23265E419E991A50009334B /* ETTools.m */; };
		D2BAE09E1B0C803B003D990E /* ETWeekItem.m in Sources */ = {isa = PBXBuildFile; fileRef = D2EF16FF19EA067300D95789 /* ETWeekItem.m */; };
		D2BAE09F1B0C804F003D990E /* ETConstants.m in Sources */ = {isa = PBXBuildFile; fileRef = D2045FA719EB200000F4CEFA /* ETConstants.m */; };
		D2BAE0A01B0C8058003D990E /* ETDayItem.m in Sources */ = {isa = PBXBuildFile; fileRef = D2EF16F719EA05D200D95789 /* ETDayItem.m */; };
		D2BAE0A11B0C8062003D990E /* ETCourseItem.m in Sources */ = {isa = PBXBuildFile; fileRef = D2EF16FB19EA065D00D95789 /* ETCourseItem.m */; };
		D2BAE0A21B0C8188003D990E /* XMLDictionaryParser+Escape.m in Sources */ = {isa = PBXBuildFile; fileRef = D2EBC5711AB4B6C800F9BE76 /* XMLDictionaryParser+Escape.m */; };
		D2CDC7A01B0E8550000EC6B6 /* libPods.a in Frameworks */ = {isa = PBXBuildFile; fileRef = D2CDC79F1B0E8550000EC6B6 /* libPods.a */; };
		D2DD27A31A9A4A5900710562 /* Localizable.strings in Resources */ = {isa = PBXBuildFile; fileRef = D2DD27A81A9A4A5900710562 /* Localizable.strings */; };
		D2DD27A41A9A4A5900710562 /* Localizable.strings in Resources */ = {isa = PBXBuildFile; fileRef = D2DD27A81A9A4A5900710562 /* Localizable.strings */; };
		D2DD27A51A9A4A5900710562 /* Localizable.strings in Resources */ = {isa = PBXBuildFile; fileRef = D2DD27A81A9A4A5900710562 /* Localizable.strings */; };
		D2DD27A61A9A4A5900710562 /* Localizable.strings in Resources */ = {isa = PBXBuildFile; fileRef = D2DD27A81A9A4A5900710562 /* Localizable.strings */; };
		D2DDA8661AF2F8860094BC02 /* InterfaceController.m in Sources */ = {isa = PBXBuildFile; fileRef = D2DDA8651AF2F8860094BC02 /* InterfaceController.m */; };
		D2DDA8691AF2F8860094BC02 /* NotificationController.m in Sources */ = {isa = PBXBuildFile; fileRef = D2DDA8681AF2F8860094BC02 /* NotificationController.m */; };
		D2DDA86C1AF2F8860094BC02 /* GlanceController.m in Sources */ = {isa = PBXBuildFile; fileRef = D2DDA86B1AF2F8860094BC02 /* GlanceController.m */; };
		D2DDA86E1AF2F8860094BC02 /* Images.xcassets in Resources */ = {isa = PBXBuildFile; fileRef = D2DDA86D1AF2F8860094BC02 /* Images.xcassets */; };
		D2DDA8721AF2F8860094BC02 /* EpiTime WatchKit App.app in Resources */ = {isa = PBXBuildFile; fileRef = D2DDA8711AF2F8860094BC02 /* EpiTime WatchKit App.app */; };
		D2DDA87A1AF2F8860094BC02 /* Interface.storyboard in Resources */ = {isa = PBXBuildFile; fileRef = D2DDA8781AF2F8860094BC02 /* Interface.storyboard */; };
		D2DDA87C1AF2F8860094BC02 /* Images.xcassets in Resources */ = {isa = PBXBuildFile; fileRef = D2DDA87B1AF2F8860094BC02 /* Images.xcassets */; };
		D2E3BDDB1A8B4A00008FE3D9 /* ETCourseDetailView.m in Sources */ = {isa = PBXBuildFile; fileRef = D2E3BDDA1A8B4A00008FE3D9 /* ETCourseDetailView.m */; };
		D2E3BDDC1A8B4A00008FE3D9 /* ETCourseDetailView.m in Sources */ = {isa = PBXBuildFile; fileRef = D2E3BDDA1A8B4A00008FE3D9 /* ETCourseDetailView.m */; };
		D2E3BDDE1A8B4A1C008FE3D9 /* ETCourseDetailView.xib in Resources */ = {isa = PBXBuildFile; fileRef = D2E3BDDD1A8B4A1C008FE3D9 /* ETCourseDetailView.xib */; };
		D2E3BDDF1A8B4A1C008FE3D9 /* ETCourseDetailView.xib in Resources */ = {isa = PBXBuildFile; fileRef = D2E3BDDD1A8B4A1C008FE3D9 /* ETCourseDetailView.xib */; };
		D2EBC5721AB4B6C800F9BE76 /* XMLDictionaryParser+Escape.m in Sources */ = {isa = PBXBuildFile; fileRef = D2EBC5711AB4B6C800F9BE76 /* XMLDictionaryParser+Escape.m */; };
		D2EBC5731AB4B6C800F9BE76 /* XMLDictionaryParser+Escape.m in Sources */ = {isa = PBXBuildFile; fileRef = D2EBC5711AB4B6C800F9BE76 /* XMLDictionaryParser+Escape.m */; };
		D2EBC5741AB4B6C800F9BE76 /* XMLDictionaryParser+Escape.m in Sources */ = {isa = PBXBuildFile; fileRef = D2EBC5711AB4B6C800F9BE76 /* XMLDictionaryParser+Escape.m */; };
		D2EBC5751AB4B6C800F9BE76 /* XMLDictionaryParser+Escape.m in Sources */ = {isa = PBXBuildFile; fileRef = D2EBC5711AB4B6C800F9BE76 /* XMLDictionaryParser+Escape.m */; };
		D2EE373B1A894CC100E70651 /* NotificationCenter.framework in Frameworks */ = {isa = PBXBuildFile; fileRef = D23BED6619E328C7000FF210 /* NotificationCenter.framework */; };
		D2EE37411A894CC100E70651 /* TodayViewController.m in Sources */ = {isa = PBXBuildFile; fileRef = D2EE37401A894CC100E70651 /* TodayViewController.m */; };
		D2EE37431A894CC100E70651 /* MainInterface.storyboard in Resources */ = {isa = PBXBuildFile; fileRef = D2EE37421A894CC100E70651 /* MainInterface.storyboard */; };
		D2EE374C1A894D4700E70651 /* ETCourseTableViewCell.m in Sources */ = {isa = PBXBuildFile; fileRef = D2EF16F019E9FDAD00D95789 /* ETCourseTableViewCell.m */; };
		D2EE374D1A894D4700E70651 /* ETWeekItem.m in Sources */ = {isa = PBXBuildFile; fileRef = D2EF16FF19EA067300D95789 /* ETWeekItem.m */; };
		D2EE374E1A894D4700E70651 /* ETDayItem.m in Sources */ = {isa = PBXBuildFile; fileRef = D2EF16F719EA05D200D95789 /* ETDayItem.m */; };
		D2EE374F1A894D4700E70651 /* ETCourseItem.m in Sources */ = {isa = PBXBuildFile; fileRef = D2EF16FB19EA065D00D95789 /* ETCourseItem.m */; };
		D2EE37501A894D4700E70651 /* ETAPI.m in Sources */ = {isa = PBXBuildFile; fileRef = D2045FA219EB1E9600F4CEFA /* ETAPI.m */; };
		D2EE37511A894D4700E70651 /* ETTools.m in Sources */ = {isa = PBXBuildFile; fileRef = D23265E419E991A50009334B /* ETTools.m */; };
		D2EE37521A894D4700E70651 /* ETConstants.m in Sources */ = {isa = PBXBuildFile; fileRef = D2045FA719EB200000F4CEFA /* ETConstants.m */; };
		D2EE37561A894E9200E70651 /* libPods.a in Frameworks */ = {isa = PBXBuildFile; fileRef = D2EE37551A894E9200E70651 /* libPods.a */; settings = {ATTRIBUTES = (Required, ); }; };
		D2EE37581A894E9A00E70651 /* libPods.a in Frameworks */ = {isa = PBXBuildFile; fileRef = D2EE37571A894E9A00E70651 /* libPods.a */; };
		D2EE375A1A894EA000E70651 /* libPods.a in Frameworks */ = {isa = PBXBuildFile; fileRef = D2EE37591A894EA000E70651 /* libPods.a */; };
		D2EF16EC19E9F82500D95789 /* ETDayTableViewController.m in Sources */ = {isa = PBXBuildFile; fileRef = D2EF16EB19E9F82500D95789 /* ETDayTableViewController.m */; };
		D2EF16ED19E9F82500D95789 /* ETDayTableViewController.m in Sources */ = {isa = PBXBuildFile; fileRef = D2EF16EB19E9F82500D95789 /* ETDayTableViewController.m */; };
		D2EF16F119E9FDAD00D95789 /* ETCourseTableViewCell.m in Sources */ = {isa = PBXBuildFile; fileRef = D2EF16F019E9FDAD00D95789 /* ETCourseTableViewCell.m */; };
		D2EF16F219E9FDAD00D95789 /* ETCourseTableViewCell.m in Sources */ = {isa = PBXBuildFile; fileRef = D2EF16F019E9FDAD00D95789 /* ETCourseTableViewCell.m */; };
		D2EF16F419EA031000D95789 /* Day.xcassets in Resources */ = {isa = PBXBuildFile; fileRef = D2EF16F319EA031000D95789 /* Day.xcassets */; };
		D2EF16F519EA031000D95789 /* Day.xcassets in Resources */ = {isa = PBXBuildFile; fileRef = D2EF16F319EA031000D95789 /* Day.xcassets */; };
		D2EF16F819EA05D200D95789 /* ETDayItem.m in Sources */ = {isa = PBXBuildFile; fileRef = D2EF16F719EA05D200D95789 /* ETDayItem.m */; };
		D2EF16F919EA05D200D95789 /* ETDayItem.m in Sources */ = {isa = PBXBuildFile; fileRef = D2EF16F719EA05D200D95789 /* ETDayItem.m */; };
		D2EF16FC19EA065D00D95789 /* ETCourseItem.m in Sources */ = {isa = PBXBuildFile; fileRef = D2EF16FB19EA065D00D95789 /* ETCourseItem.m */; };
		D2EF16FD19EA065D00D95789 /* ETCourseItem.m in Sources */ = {isa = PBXBuildFile; fileRef = D2EF16FB19EA065D00D95789 /* ETCourseItem.m */; };
		D2EF170019EA067300D95789 /* ETWeekItem.m in Sources */ = {isa = PBXBuildFile; fileRef = D2EF16FF19EA067300D95789 /* ETWeekItem.m */; };
		D2EF170119EA067300D95789 /* ETWeekItem.m in Sources */ = {isa = PBXBuildFile; fileRef = D2EF16FF19EA067300D95789 /* ETWeekItem.m */; };
		D2F7AEB41A9DE5CE00F750E2 /* ETIgnoreViewController.m in Sources */ = {isa = PBXBuildFile; fileRef = D2F7AEB31A9DE5CE00F750E2 /* ETIgnoreViewController.m */; };
		D2F7AEB51A9DE5CE00F750E2 /* ETIgnoreViewController.m in Sources */ = {isa = PBXBuildFile; fileRef = D2F7AEB31A9DE5CE00F750E2 /* ETIgnoreViewController.m */; };
		D2F7AEBC1A9DE74000F750E2 /* ETIgnoreTableViewCell.m in Sources */ = {isa = PBXBuildFile; fileRef = D2F7AEBB1A9DE74000F750E2 /* ETIgnoreTableViewCell.m */; };
		D2F7AEBD1A9DE74000F750E2 /* ETIgnoreTableViewCell.m in Sources */ = {isa = PBXBuildFile; fileRef = D2F7AEBB1A9DE74000F750E2 /* ETIgnoreTableViewCell.m */; };
/* End PBXBuildFile section */

/* Begin PBXContainerItemProxy section */
		D22839E21A973C39001DEB27 /* PBXContainerItemProxy */ = {
			isa = PBXContainerItemProxy;
			containerPortal = D23BED2F19E32823000FF210 /* Project object */;
			proxyType = 1;
			remoteGlobalIDString = D2EE37391A894CC100E70651;
			remoteInfo = EpiTimeWidget;
		};
		D22839FA1A973D48001DEB27 /* PBXContainerItemProxy */ = {
			isa = PBXContainerItemProxy;
			containerPortal = D23BED2F19E32823000FF210 /* Project object */;
			proxyType = 1;
			remoteGlobalIDString = D22839E51A973D24001DEB27;
			remoteInfo = "EpiTimeWidget Staging";
		};
		D23BED5119E32823000FF210 /* PBXContainerItemProxy */ = {
			isa = PBXContainerItemProxy;
			containerPortal = D23BED2F19E32823000FF210 /* Project object */;
			proxyType = 1;
			remoteGlobalIDString = D23BED3619E32823000FF210;
			remoteInfo = EpiTime;
		};
		D2DDA8731AF2F8860094BC02 /* PBXContainerItemProxy */ = {
			isa = PBXContainerItemProxy;
			containerPortal = D23BED2F19E32823000FF210 /* Project object */;
			proxyType = 1;
			remoteGlobalIDString = D2DDA8701AF2F8860094BC02;
			remoteInfo = "EpiTime WatchKit App";
		};
		D2DDA87D1AF2F8860094BC02 /* PBXContainerItemProxy */ = {
			isa = PBXContainerItemProxy;
			containerPortal = D23BED2F19E32823000FF210 /* Project object */;
			proxyType = 1;
			remoteGlobalIDString = D2DDA85E1AF2F8860094BC02;
			remoteInfo = "EpiTime WatchKit Extension";
		};
/* End PBXContainerItemProxy section */

/* Begin PBXCopyFilesBuildPhase section */
		D23BED7819E328C7000FF210 /* Embed App Extensions */ = {
			isa = PBXCopyFilesBuildPhase;
			buildActionMask = 2147483647;
			dstPath = "";
			dstSubfolderSpec = 13;
			files = (
				D29AF9C51B0E885300D22A48 /* EpiTime WatchKit Extension.appex in Embed App Extensions */,
				D29AF9C31B0E876F00D22A48 /* EpiTimeWidget.appex in Embed App Extensions */,
			);
			name = "Embed App Extensions";
			runOnlyForDeploymentPostprocessing = 0;
		};
		D27EC83E1A860FB50044074B /* Embed App Extensions */ = {
			isa = PBXCopyFilesBuildPhase;
			buildActionMask = 2147483647;
			dstPath = "";
			dstSubfolderSpec = 13;
			files = (
				D22839FC1A974218001DEB27 /* EpiTimeWidget Staging.appex in Embed App Extensions */,
			);
			name = "Embed App Extensions";
			runOnlyForDeploymentPostprocessing = 0;
		};
/* End PBXCopyFilesBuildPhase section */

/* Begin PBXFileReference section */
		17F193E0234C88AF8757E8AB /* Pods.debug.xcconfig */ = {isa = PBXFileReference; includeInIndex = 1; lastKnownFileType = text.xcconfig; name = Pods.debug.xcconfig; path = "Pods/Target Support Files/Pods/Pods.debug.xcconfig"; sourceTree = "<group>"; };
		90738772E0B42BB0F4E3E2A4 /* Pods.release.xcconfig */ = {isa = PBXFileReference; includeInIndex = 1; lastKnownFileType = text.xcconfig; name = Pods.release.xcconfig; path = "Pods/Target Support Files/Pods/Pods.release.xcconfig"; sourceTree = "<group>"; };
		D2045F9D19EB0B4500F4CEFA /* ETWeekViewController.h */ = {isa = PBXFileReference; fileEncoding = 4; lastKnownFileType = sourcecode.c.h; name = ETWeekViewController.h; path = Day/ETWeekViewController.h; sourceTree = "<group>"; };
		D2045F9E19EB0B4500F4CEFA /* ETWeekViewController.m */ = {isa = PBXFileReference; fileEncoding = 4; lastKnownFileType = sourcecode.c.objc; lineEnding = 0; name = ETWeekViewController.m; path = Day/ETWeekViewController.m; sourceTree = "<group>"; xcLanguageSpecificationIdentifier = xcode.lang.objc; };
		D2045FA119EB1E9600F4CEFA /* ETAPI.h */ = {isa = PBXFileReference; fileEncoding = 4; lastKnownFileType = sourcecode.c.h; name = ETAPI.h; path = API/ETAPI.h; sourceTree = "<group>"; };
		D2045FA219EB1E9600F4CEFA /* ETAPI.m */ = {isa = PBXFileReference; fileEncoding = 4; lastKnownFileType = sourcecode.c.objc; name = ETAPI.m; path = API/ETAPI.m; sourceTree = "<group>"; };
		D2045FA619EB200000F4CEFA /* ETConstants.h */ = {isa = PBXFileReference; fileEncoding = 4; lastKnownFileType = sourcecode.c.h; name = ETConstants.h; path = Other/ETConstants.h; sourceTree = "<group>"; };
		D2045FA719EB200000F4CEFA /* ETConstants.m */ = {isa = PBXFileReference; fileEncoding = 4; lastKnownFileType = sourcecode.c.objc; lineEnding = 0; name = ETConstants.m; path = Other/ETConstants.m; sourceTree = "<group>"; xcLanguageSpecificationIdentifier = xcode.lang.objc; };
		D215B37B1A306CAF007ED4F0 /* UIImageView+Animation.h */ = {isa = PBXFileReference; fileEncoding = 4; lastKnownFileType = sourcecode.c.h; path = "UIImageView+Animation.h"; sourceTree = "<group>"; };
		D215B37C1A306CAF007ED4F0 /* UIImageView+Animation.m */ = {isa = PBXFileReference; fileEncoding = 4; lastKnownFileType = sourcecode.c.objc; path = "UIImageView+Animation.m"; sourceTree = "<group>"; };
		D215B37F1A307076007ED4F0 /* Loading.xcassets */ = {isa = PBXFileReference; lastKnownFileType = folder.assetcatalog; name = Loading.xcassets; path = Resources/Loading.xcassets; sourceTree = "<group>"; };
		D22839F81A973D24001DEB27 /* EpiTimeWidget Staging.appex */ = {isa = PBXFileReference; explicitFileType = "wrapper.app-extension"; includeInIndex = 0; path = "EpiTimeWidget Staging.appex"; sourceTree = BUILT_PRODUCTS_DIR; };
		D22839FD1A974771001DEB27 /* Staging-Info.plist */ = {isa = PBXFileReference; fileEncoding = 4; lastKnownFileType = text.plist.xml; path = "Staging-Info.plist"; sourceTree = "<group>"; };
		D23265E319E991A50009334B /* ETTools.h */ = {isa = PBXFileReference; fileEncoding = 4; lastKnownFileType = sourcecode.c.h; name = ETTools.h; path = Other/ETTools.h; sourceTree = "<group>"; };
		D23265E419E991A50009334B /* ETTools.m */ = {isa = PBXFileReference; fileEncoding = 4; lastKnownFileType = sourcecode.c.objc; name = ETTools.m; path = Other/ETTools.m; sourceTree = "<group>"; };
		D23BED3719E32823000FF210 /* EpiTime.app */ = {isa = PBXFileReference; explicitFileType = wrapper.application; includeInIndex = 0; path = EpiTime.app; sourceTree = BUILT_PRODUCTS_DIR; };
		D23BED3C19E32823000FF210 /* main.m */ = {isa = PBXFileReference; lastKnownFileType = sourcecode.c.objc; path = main.m; sourceTree = "<group>"; };
		D23BED3E19E32823000FF210 /* ETAppDelegate.h */ = {isa = PBXFileReference; lastKnownFileType = sourcecode.c.h; path = ETAppDelegate.h; sourceTree = "<group>"; };
		D23BED3F19E32823000FF210 /* ETAppDelegate.m */ = {isa = PBXFileReference; lastKnownFileType = sourcecode.c.objc; path = ETAppDelegate.m; sourceTree = "<group>"; };
		D23BED4519E32823000FF210 /* Base */ = {isa = PBXFileReference; lastKnownFileType = file.storyboard; name = Base; path = Base.lproj/Main.storyboard; sourceTree = "<group>"; };
		D23BED4719E32823000FF210 /* Images.xcassets */ = {isa = PBXFileReference; lastKnownFileType = folder.assetcatalog; path = Images.xcassets; sourceTree = "<group>"; };
		D23BED4A19E32823000FF210 /* Base */ = {isa = PBXFileReference; lastKnownFileType = file.xib; name = Base; path = Base.lproj/LaunchScreen.xib; sourceTree = "<group>"; };
		D23BED5019E32823000FF210 /* EpiTimeTests.xctest */ = {isa = PBXFileReference; explicitFileType = wrapper.cfbundle; includeInIndex = 0; path = EpiTimeTests.xctest; sourceTree = BUILT_PRODUCTS_DIR; };
		D23BED5519E32823000FF210 /* Info.plist */ = {isa = PBXFileReference; lastKnownFileType = text.plist.xml; path = Info.plist; sourceTree = "<group>"; };
		D23BED5619E32823000FF210 /* EpiTimeTests.m */ = {isa = PBXFileReference; lastKnownFileType = sourcecode.c.objc; path = EpiTimeTests.m; sourceTree = "<group>"; };
		D23BED6619E328C7000FF210 /* NotificationCenter.framework */ = {isa = PBXFileReference; lastKnownFileType = wrapper.framework; name = NotificationCenter.framework; path = System/Library/Frameworks/NotificationCenter.framework; sourceTree = SDKROOT; };
		D23BED8C19E328DA000FF210 /* EpiTime Staging.app */ = {isa = PBXFileReference; explicitFileType = wrapper.application; includeInIndex = 0; path = "EpiTime Staging.app"; sourceTree = BUILT_PRODUCTS_DIR; };
		D23BED8E19E32A86000FF210 /* EpiTime-Info.plist */ = {isa = PBXFileReference; lastKnownFileType = text.plist.xml; path = "EpiTime-Info.plist"; sourceTree = "<group>"; };
		D23BED8F19E32AA0000FF210 /* EpiTime Staging-Info.plist */ = {isa = PBXFileReference; lastKnownFileType = text.plist.xml; path = "EpiTime Staging-Info.plist"; sourceTree = "<group>"; };
		D28002141A443F9D00861E20 /* ETGroupsViewController.h */ = {isa = PBXFileReference; fileEncoding = 4; lastKnownFileType = sourcecode.c.h; name = ETGroupsViewController.h; path = Groups/ETGroupsViewController.h; sourceTree = "<group>"; };
		D28002151A443F9D00861E20 /* ETGroupsViewController.m */ = {isa = PBXFileReference; fileEncoding = 4; lastKnownFileType = sourcecode.c.objc; name = ETGroupsViewController.m; path = Groups/ETGroupsViewController.m; sourceTree = "<group>"; };
		D28002181A443FF900861E20 /* ETGroupTableViewCell.h */ = {isa = PBXFileReference; fileEncoding = 4; lastKnownFileType = sourcecode.c.h; name = ETGroupTableViewCell.h; path = Groups/ETGroupTableViewCell.h; sourceTree = "<group>"; };
		D28002191A443FF900861E20 /* ETGroupTableViewCell.m */ = {isa = PBXFileReference; fileEncoding = 4; lastKnownFileType = sourcecode.c.objc; name = ETGroupTableViewCell.m; path = Groups/ETGroupTableViewCell.m; sourceTree = "<group>"; };
		D280021C1A44D18F00861E20 /* ETGroupItem.h */ = {isa = PBXFileReference; fileEncoding = 4; lastKnownFileType = sourcecode.c.h; name = ETGroupItem.h; path = Groups/ETGroupItem.h; sourceTree = "<group>"; };
		D280021D1A44D18F00861E20 /* ETGroupItem.m */ = {isa = PBXFileReference; fileEncoding = 4; lastKnownFileType = sourcecode.c.objc; name = ETGroupItem.m; path = Groups/ETGroupItem.m; sourceTree = "<group>"; };
		D2A222961B24FA2B00B12AC1 /* ETDatePickerView.xib */ = {isa = PBXFileReference; fileEncoding = 4; lastKnownFileType = file.xib; name = ETDatePickerView.xib; path = Day/ETDatePickerView.xib; sourceTree = "<group>"; };
		D2A222991B24FAF500B12AC1 /* ETDatePickerView.h */ = {isa = PBXFileReference; fileEncoding = 4; lastKnownFileType = sourcecode.c.h; name = ETDatePickerView.h; path = Day/ETDatePickerView.h; sourceTree = "<group>"; };
		D2A2229A1B24FAF500B12AC1 /* ETDatePickerView.m */ = {isa = PBXFileReference; fileEncoding = 4; lastKnownFileType = sourcecode.c.objc; name = ETDatePickerView.m; path = Day/ETDatePickerView.m; sourceTree = "<group>"; };
		D2B24E5D1AF2F90F00948883 /* ClassRow.h */ = {isa = PBXFileReference; fileEncoding = 4; lastKnownFileType = sourcecode.c.h; path = ClassRow.h; sourceTree = "<group>"; };
		D2B24E5E1AF2F90F00948883 /* ClassRow.m */ = {isa = PBXFileReference; fileEncoding = 4; lastKnownFileType = sourcecode.c.objc; path = ClassRow.m; sourceTree = "<group>"; };
		D2BAE0981B0C7D7B003D990E /* libPods.a */ = {isa = PBXFileReference; lastKnownFileType = archive.ar; name = libPods.a; path = "Pods/build/Debug-iphoneos/libPods.a"; sourceTree = "<group>"; };
		D2BAE09A1B0C7EE0003D990E /* libPods-XMLDictionary.a */ = {isa = PBXFileReference; lastKnownFileType = archive.ar; name = "libPods-XMLDictionary.a"; path = "Pods/build/Debug-iphoneos/libPods-XMLDictionary.a"; sourceTree = "<group>"; };
		D2CDC79F1B0E8550000EC6B6 /* libPods.a */ = {isa = PBXFileReference; lastKnownFileType = archive.ar; name = libPods.a; path = "Pods/build/Debug-iphoneos/libPods.a"; sourceTree = "<group>"; };
		D2DD27A11A9A49E600710562 /* en */ = {isa = PBXFileReference; lastKnownFileType = text.plist.strings; name = en; path = en.lproj/Main.strings; sourceTree = "<group>"; };
		D2DD27A21A9A49E600710562 /* en */ = {isa = PBXFileReference; lastKnownFileType = text.plist.strings; name = en; path = en.lproj/LaunchScreen.strings; sourceTree = "<group>"; };
		D2DD27A71A9A4A5900710562 /* en */ = {isa = PBXFileReference; lastKnownFileType = text.plist.strings; name = en; path = en.lproj/Localizable.strings; sourceTree = "<group>"; };
		D2DDA85F1AF2F8860094BC02 /* EpiTime WatchKit Extension.appex */ = {isa = PBXFileReference; explicitFileType = "wrapper.app-extension"; includeInIndex = 0; path = "EpiTime WatchKit Extension.appex"; sourceTree = BUILT_PRODUCTS_DIR; };
		D2DDA8621AF2F8860094BC02 /* Info.plist */ = {isa = PBXFileReference; lastKnownFileType = text.plist.xml; path = Info.plist; sourceTree = "<group>"; };
		D2DDA8631AF2F8860094BC02 /* PushNotificationPayload.apns */ = {isa = PBXFileReference; lastKnownFileType = text; path = PushNotificationPayload.apns; sourceTree = "<group>"; };
		D2DDA8641AF2F8860094BC02 /* InterfaceController.h */ = {isa = PBXFileReference; lastKnownFileType = sourcecode.c.h; path = InterfaceController.h; sourceTree = "<group>"; };
		D2DDA8651AF2F8860094BC02 /* InterfaceController.m */ = {isa = PBXFileReference; lastKnownFileType = sourcecode.c.objc; path = InterfaceController.m; sourceTree = "<group>"; };
		D2DDA8671AF2F8860094BC02 /* NotificationController.h */ = {isa = PBXFileReference; lastKnownFileType = sourcecode.c.h; path = NotificationController.h; sourceTree = "<group>"; };
		D2DDA8681AF2F8860094BC02 /* NotificationController.m */ = {isa = PBXFileReference; lastKnownFileType = sourcecode.c.objc; path = NotificationController.m; sourceTree = "<group>"; };
		D2DDA86A1AF2F8860094BC02 /* GlanceController.h */ = {isa = PBXFileReference; lastKnownFileType = sourcecode.c.h; path = GlanceController.h; sourceTree = "<group>"; };
		D2DDA86B1AF2F8860094BC02 /* GlanceController.m */ = {isa = PBXFileReference; lastKnownFileType = sourcecode.c.objc; path = GlanceController.m; sourceTree = "<group>"; };
		D2DDA86D1AF2F8860094BC02 /* Images.xcassets */ = {isa = PBXFileReference; lastKnownFileType = folder.assetcatalog; path = Images.xcassets; sourceTree = "<group>"; };
		D2DDA8711AF2F8860094BC02 /* EpiTime WatchKit App.app */ = {isa = PBXFileReference; explicitFileType = wrapper.application; includeInIndex = 0; path = "EpiTime WatchKit App.app"; sourceTree = BUILT_PRODUCTS_DIR; };
		D2DDA8771AF2F8860094BC02 /* Info.plist */ = {isa = PBXFileReference; lastKnownFileType = text.plist.xml; path = Info.plist; sourceTree = "<group>"; };
		D2DDA8791AF2F8860094BC02 /* Base */ = {isa = PBXFileReference; lastKnownFileType = file.storyboard; name = Base; path = Base.lproj/Interface.storyboard; sourceTree = "<group>"; };
		D2DDA87B1AF2F8860094BC02 /* Images.xcassets */ = {isa = PBXFileReference; lastKnownFileType = folder.assetcatalog; path = Images.xcassets; sourceTree = "<group>"; };
		D2E3BDD91A8B4A00008FE3D9 /* ETCourseDetailView.h */ = {isa = PBXFileReference; fileEncoding = 4; lastKnownFileType = sourcecode.c.h; lineEnding = 0; name = ETCourseDetailView.h; path = Day/ETCourseDetailView.h; sourceTree = "<group>"; xcLanguageSpecificationIdentifier = xcode.lang.objcpp; };
		D2E3BDDA1A8B4A00008FE3D9 /* ETCourseDetailView.m */ = {isa = PBXFileReference; fileEncoding = 4; lastKnownFileType = sourcecode.c.objc; name = ETCourseDetailView.m; path = Day/ETCourseDetailView.m; sourceTree = "<group>"; };
		D2E3BDDD1A8B4A1C008FE3D9 /* ETCourseDetailView.xib */ = {isa = PBXFileReference; fileEncoding = 4; lastKnownFileType = file.xib; name = ETCourseDetailView.xib; path = Day/ETCourseDetailView.xib; sourceTree = "<group>"; };
		D2EBC5701AB4B6C800F9BE76 /* XMLDictionaryParser+Escape.h */ = {isa = PBXFileReference; fileEncoding = 4; lastKnownFileType = sourcecode.c.h; name = "XMLDictionaryParser+Escape.h"; path = "XMLDictionaryParser+Escape/XMLDictionaryParser+Escape.h"; sourceTree = "<group>"; };
		D2EBC5711AB4B6C800F9BE76 /* XMLDictionaryParser+Escape.m */ = {isa = PBXFileReference; fileEncoding = 4; lastKnownFileType = sourcecode.c.objc; name = "XMLDictionaryParser+Escape.m"; path = "XMLDictionaryParser+Escape/XMLDictionaryParser+Escape.m"; sourceTree = "<group>"; };
		D2EE373A1A894CC100E70651 /* EpiTimeWidget.appex */ = {isa = PBXFileReference; explicitFileType = "wrapper.app-extension"; includeInIndex = 0; path = EpiTimeWidget.appex; sourceTree = BUILT_PRODUCTS_DIR; };
		D2EE373E1A894CC100E70651 /* Info.plist */ = {isa = PBXFileReference; lastKnownFileType = text.plist.xml; path = Info.plist; sourceTree = "<group>"; };
		D2EE373F1A894CC100E70651 /* TodayViewController.h */ = {isa = PBXFileReference; lastKnownFileType = sourcecode.c.h; path = TodayViewController.h; sourceTree = "<group>"; };
		D2EE37401A894CC100E70651 /* TodayViewController.m */ = {isa = PBXFileReference; lastKnownFileType = sourcecode.c.objc; path = TodayViewController.m; sourceTree = "<group>"; };
		D2EE37421A894CC100E70651 /* MainInterface.storyboard */ = {isa = PBXFileReference; lastKnownFileType = file.storyboard; path = MainInterface.storyboard; sourceTree = "<group>"; };
		D2EE37551A894E9200E70651 /* libPods.a */ = {isa = PBXFileReference; lastKnownFileType = archive.ar; name = libPods.a; path = "Pods/build/Debug-iphoneos/libPods.a"; sourceTree = "<group>"; };
		D2EE37571A894E9A00E70651 /* libPods.a */ = {isa = PBXFileReference; lastKnownFileType = archive.ar; name = libPods.a; path = "Pods/build/Debug-iphoneos/libPods.a"; sourceTree = "<group>"; };
		D2EE37591A894EA000E70651 /* libPods.a */ = {isa = PBXFileReference; lastKnownFileType = archive.ar; name = libPods.a; path = "Pods/build/Debug-iphoneos/libPods.a"; sourceTree = "<group>"; };
		D2EF16EA19E9F82500D95789 /* ETDayTableViewController.h */ = {isa = PBXFileReference; fileEncoding = 4; lastKnownFileType = sourcecode.c.h; lineEnding = 0; name = ETDayTableViewController.h; path = Day/ETDayTableViewController.h; sourceTree = "<group>"; xcLanguageSpecificationIdentifier = xcode.lang.objcpp; };
		D2EF16EB19E9F82500D95789 /* ETDayTableViewController.m */ = {isa = PBXFileReference; fileEncoding = 4; lastKnownFileType = sourcecode.c.objc; lineEnding = 0; name = ETDayTableViewController.m; path = Day/ETDayTableViewController.m; sourceTree = "<group>"; xcLanguageSpecificationIdentifier = xcode.lang.objc; };
		D2EF16EF19E9FDAD00D95789 /* ETCourseTableViewCell.h */ = {isa = PBXFileReference; fileEncoding = 4; lastKnownFileType = sourcecode.c.h; name = ETCourseTableViewCell.h; path = Day/ETCourseTableViewCell.h; sourceTree = "<group>"; };
		D2EF16F019E9FDAD00D95789 /* ETCourseTableViewCell.m */ = {isa = PBXFileReference; fileEncoding = 4; lastKnownFileType = sourcecode.c.objc; name = ETCourseTableViewCell.m; path = Day/ETCourseTableViewCell.m; sourceTree = "<group>"; };
		D2EF16F319EA031000D95789 /* Day.xcassets */ = {isa = PBXFileReference; lastKnownFileType = folder.assetcatalog; name = Day.xcassets; path = Resources/Day.xcassets; sourceTree = "<group>"; };
		D2EF16F619EA05D200D95789 /* ETDayItem.h */ = {isa = PBXFileReference; fileEncoding = 4; lastKnownFileType = sourcecode.c.h; name = ETDayItem.h; path = Day/ETDayItem.h; sourceTree = "<group>"; };
		D2EF16F719EA05D200D95789 /* ETDayItem.m */ = {isa = PBXFileReference; fileEncoding = 4; lastKnownFileType = sourcecode.c.objc; name = ETDayItem.m; path = Day/ETDayItem.m; sourceTree = "<group>"; };
		D2EF16FA19EA065D00D95789 /* ETCourseItem.h */ = {isa = PBXFileReference; fileEncoding = 4; lastKnownFileType = sourcecode.c.h; lineEnding = 0; name = ETCourseItem.h; path = Day/ETCourseItem.h; sourceTree = "<group>"; xcLanguageSpecificationIdentifier = xcode.lang.objcpp; };
		D2EF16FB19EA065D00D95789 /* ETCourseItem.m */ = {isa = PBXFileReference; fileEncoding = 4; lastKnownFileType = sourcecode.c.objc; lineEnding = 0; name = ETCourseItem.m; path = Day/ETCourseItem.m; sourceTree = "<group>"; xcLanguageSpecificationIdentifier = xcode.lang.objc; };
		D2EF16FE19EA067300D95789 /* ETWeekItem.h */ = {isa = PBXFileReference; fileEncoding = 4; lastKnownFileType = sourcecode.c.h; name = ETWeekItem.h; path = Day/ETWeekItem.h; sourceTree = "<group>"; };
		D2EF16FF19EA067300D95789 /* ETWeekItem.m */ = {isa = PBXFileReference; fileEncoding = 4; lastKnownFileType = sourcecode.c.objc; name = ETWeekItem.m; path = Day/ETWeekItem.m; sourceTree = "<group>"; };
		D2F7AEB21A9DE5CE00F750E2 /* ETIgnoreViewController.h */ = {isa = PBXFileReference; fileEncoding = 4; lastKnownFileType = sourcecode.c.h; name = ETIgnoreViewController.h; path = Ignore/ETIgnoreViewController.h; sourceTree = "<group>"; };
		D2F7AEB31A9DE5CE00F750E2 /* ETIgnoreViewController.m */ = {isa = PBXFileReference; fileEncoding = 4; lastKnownFileType = sourcecode.c.objc; name = ETIgnoreViewController.m; path = Ignore/ETIgnoreViewController.m; sourceTree = "<group>"; };
		D2F7AEBA1A9DE74000F750E2 /* ETIgnoreTableViewCell.h */ = {isa = PBXFileReference; fileEncoding = 4; lastKnownFileType = sourcecode.c.h; name = ETIgnoreTableViewCell.h; path = Ignore/ETIgnoreTableViewCell.h; sourceTree = "<group>"; };
		D2F7AEBB1A9DE74000F750E2 /* ETIgnoreTableViewCell.m */ = {isa = PBXFileReference; fileEncoding = 4; lastKnownFileType = sourcecode.c.objc; name = ETIgnoreTableViewCell.m; path = Ignore/ETIgnoreTableViewCell.m; sourceTree = "<group>"; };
/* End PBXFileReference section */

/* Begin PBXFrameworksBuildPhase section */
		D22839F01A973D24001DEB27 /* Frameworks */ = {
			isa = PBXFrameworksBuildPhase;
			buildActionMask = 2147483647;
			files = (
				D22839F11A973D24001DEB27 /* libPods.a in Frameworks */,
				D22839F21A973D24001DEB27 /* NotificationCenter.framework in Frameworks */,
			);
			runOnlyForDeploymentPostprocessing = 0;
		};
		D23BED3419E32823000FF210 /* Frameworks */ = {
			isa = PBXFrameworksBuildPhase;
			buildActionMask = 2147483647;
			files = (
				D2EE375A1A894EA000E70651 /* libPods.a in Frameworks */,
			);
			runOnlyForDeploymentPostprocessing = 0;
		};
		D23BED4D19E32823000FF210 /* Frameworks */ = {
			isa = PBXFrameworksBuildPhase;
			buildActionMask = 2147483647;
			files = (
			);
			runOnlyForDeploymentPostprocessing = 0;
		};
		D23BED8219E328DA000FF210 /* Frameworks */ = {
			isa = PBXFrameworksBuildPhase;
			buildActionMask = 2147483647;
			files = (
				D2EE37581A894E9A00E70651 /* libPods.a in Frameworks */,
			);
			runOnlyForDeploymentPostprocessing = 0;
		};
		D2DDA85C1AF2F8860094BC02 /* Frameworks */ = {
			isa = PBXFrameworksBuildPhase;
			buildActionMask = 2147483647;
			files = (
				D2CDC7A01B0E8550000EC6B6 /* libPods.a in Frameworks */,
			);
			runOnlyForDeploymentPostprocessing = 0;
		};
		D2EE37371A894CC100E70651 /* Frameworks */ = {
			isa = PBXFrameworksBuildPhase;
			buildActionMask = 2147483647;
			files = (
				D2EE37561A894E9200E70651 /* libPods.a in Frameworks */,
				D2EE373B1A894CC100E70651 /* NotificationCenter.framework in Frameworks */,
			);
			runOnlyForDeploymentPostprocessing = 0;
		};
/* End PBXFrameworksBuildPhase section */

/* Begin PBXGroup section */
		3DCFF51B0CD397BA1F48C31D /* Pods */ = {
			isa = PBXGroup;
			children = (
				17F193E0234C88AF8757E8AB /* Pods.debug.xcconfig */,
				90738772E0B42BB0F4E3E2A4 /* Pods.release.xcconfig */,
			);
			name = Pods;
			sourceTree = "<group>";
		};
		D2045FA519EB1EA000F4CEFA /* API */ = {
			isa = PBXGroup;
			children = (
				D2045FA119EB1E9600F4CEFA /* ETAPI.h */,
				D2045FA219EB1E9600F4CEFA /* ETAPI.m */,
			);
			name = API;
			sourceTree = "<group>";
		};
		D215B37A1A306CAF007ED4F0 /* UIImageView+Animation */ = {
			isa = PBXGroup;
			children = (
				D215B37B1A306CAF007ED4F0 /* UIImageView+Animation.h */,
				D215B37C1A306CAF007ED4F0 /* UIImageView+Animation.m */,
			);
			path = "UIImageView+Animation";
			sourceTree = "<group>";
		};
		D23265E919E991A80009334B /* Other */ = {
			isa = PBXGroup;
			children = (
				D23265E319E991A50009334B /* ETTools.h */,
				D23265E419E991A50009334B /* ETTools.m */,
				D2045FA619EB200000F4CEFA /* ETConstants.h */,
				D2045FA719EB200000F4CEFA /* ETConstants.m */,
			);
			name = Other;
			sourceTree = "<group>";
		};
		D23BED2E19E32823000FF210 = {
			isa = PBXGroup;
			children = (
				D23BED3919E32823000FF210 /* EpiTime */,
				D23BED5319E32823000FF210 /* EpiTimeTests */,
				D2EE373C1A894CC100E70651 /* EpiTimeWidget */,
				D2DDA8601AF2F8860094BC02 /* EpiTime WatchKit Extension */,
				D2DDA8751AF2F8860094BC02 /* EpiTime WatchKit App */,
				D23BED6519E328C7000FF210 /* Frameworks */,
				D23BED3819E32823000FF210 /* Products */,
				3DCFF51B0CD397BA1F48C31D /* Pods */,
			);
			sourceTree = "<group>";
		};
		D23BED3819E32823000FF210 /* Products */ = {
			isa = PBXGroup;
			children = (
				D23BED3719E32823000FF210 /* EpiTime.app */,
				D23BED5019E32823000FF210 /* EpiTimeTests.xctest */,
				D23BED8C19E328DA000FF210 /* EpiTime Staging.app */,
				D2EE373A1A894CC100E70651 /* EpiTimeWidget.appex */,
				D22839F81A973D24001DEB27 /* EpiTimeWidget Staging.appex */,
				D2DDA85F1AF2F8860094BC02 /* EpiTime WatchKit Extension.appex */,
				D2DDA8711AF2F8860094BC02 /* EpiTime WatchKit App.app */,
			);
			name = Products;
			sourceTree = "<group>";
		};
		D23BED3919E32823000FF210 /* EpiTime */ = {
			isa = PBXGroup;
			children = (
				D23BED3E19E32823000FF210 /* ETAppDelegate.h */,
				D23BED3F19E32823000FF210 /* ETAppDelegate.m */,
				D23BED4419E32823000FF210 /* Main.storyboard */,
				D23BED4919E32823000FF210 /* LaunchScreen.xib */,
				D28002131A443C9E00861E20 /* Groups */,
				D2EF16EE19E9F82900D95789 /* Schedule */,
				D2F7AEB11A9DE5B000F750E2 /* Ignore */,
				D2045FA519EB1EA000F4CEFA /* API */,
				D23265E919E991A80009334B /* Other */,
				D2EBC56F1AB4B68700F9BE76 /* XMLDictionaryParser+Escape */,
				D215B37A1A306CAF007ED4F0 /* UIImageView+Animation */,
				D23BED9019E32AB1000FF210 /* Resources */,
				D23BED3A19E32823000FF210 /* Supporting Files */,
			);
			path = EpiTime;
			sourceTree = "<group>";
		};
		D23BED3A19E32823000FF210 /* Supporting Files */ = {
			isa = PBXGroup;
			children = (
				D23BED8E19E32A86000FF210 /* EpiTime-Info.plist */,
				D23BED8F19E32AA0000FF210 /* EpiTime Staging-Info.plist */,
				D23BED3C19E32823000FF210 /* main.m */,
			);
			name = "Supporting Files";
			sourceTree = "<group>";
		};
		D23BED5319E32823000FF210 /* EpiTimeTests */ = {
			isa = PBXGroup;
			children = (
				D23BED5619E32823000FF210 /* EpiTimeTests.m */,
				D23BED5419E32823000FF210 /* Supporting Files */,
			);
			path = EpiTimeTests;
			sourceTree = "<group>";
		};
		D23BED5419E32823000FF210 /* Supporting Files */ = {
			isa = PBXGroup;
			children = (
				D23BED5519E32823000FF210 /* Info.plist */,
			);
			name = "Supporting Files";
			sourceTree = "<group>";
		};
		D23BED6519E328C7000FF210 /* Frameworks */ = {
			isa = PBXGroup;
			children = (
				D2CDC79F1B0E8550000EC6B6 /* libPods.a */,
				D2BAE09A1B0C7EE0003D990E /* libPods-XMLDictionary.a */,
				D2BAE0981B0C7D7B003D990E /* libPods.a */,
				D2EE37591A894EA000E70651 /* libPods.a */,
				D2EE37571A894E9A00E70651 /* libPods.a */,
				D2EE37551A894E9200E70651 /* libPods.a */,
				D23BED6619E328C7000FF210 /* NotificationCenter.framework */,
			);
			name = Frameworks;
			sourceTree = "<group>";
		};
		D23BED9019E32AB1000FF210 /* Resources */ = {
			isa = PBXGroup;
			children = (
				D23BED4719E32823000FF210 /* Images.xcassets */,
				D215B37F1A307076007ED4F0 /* Loading.xcassets */,
				D2EF16F319EA031000D95789 /* Day.xcassets */,
				D2DD27A81A9A4A5900710562 /* Localizable.strings */,
			);
			name = Resources;
			sourceTree = "<group>";
		};
		D28002131A443C9E00861E20 /* Groups */ = {
			isa = PBXGroup;
			children = (
				D28002141A443F9D00861E20 /* ETGroupsViewController.h */,
				D28002151A443F9D00861E20 /* ETGroupsViewController.m */,
				D28002181A443FF900861E20 /* ETGroupTableViewCell.h */,
				D28002191A443FF900861E20 /* ETGroupTableViewCell.m */,
				D280021C1A44D18F00861E20 /* ETGroupItem.h */,
				D280021D1A44D18F00861E20 /* ETGroupItem.m */,
			);
			name = Groups;
			sourceTree = "<group>";
		};
		D2DDA8601AF2F8860094BC02 /* EpiTime WatchKit Extension */ = {
			isa = PBXGroup;
			children = (
				D2DDA8641AF2F8860094BC02 /* InterfaceController.h */,
				D2DDA8651AF2F8860094BC02 /* InterfaceController.m */,
				D2DDA8671AF2F8860094BC02 /* NotificationController.h */,
				D2DDA8681AF2F8860094BC02 /* NotificationController.m */,
				D2DDA86A1AF2F8860094BC02 /* GlanceController.h */,
				D2DDA86B1AF2F8860094BC02 /* GlanceController.m */,
				D2B24E5D1AF2F90F00948883 /* ClassRow.h */,
				D2B24E5E1AF2F90F00948883 /* ClassRow.m */,
				D2DDA86D1AF2F8860094BC02 /* Images.xcassets */,
				D2DDA8611AF2F8860094BC02 /* Supporting Files */,
			);
			path = "EpiTime WatchKit Extension";
			sourceTree = "<group>";
		};
		D2DDA8611AF2F8860094BC02 /* Supporting Files */ = {
			isa = PBXGroup;
			children = (
				D2DDA8621AF2F8860094BC02 /* Info.plist */,
				D2DDA8631AF2F8860094BC02 /* PushNotificationPayload.apns */,
			);
			name = "Supporting Files";
			sourceTree = "<group>";
		};
		D2DDA8751AF2F8860094BC02 /* EpiTime WatchKit App */ = {
			isa = PBXGroup;
			children = (
				D2DDA8781AF2F8860094BC02 /* Interface.storyboard */,
				D2DDA87B1AF2F8860094BC02 /* Images.xcassets */,
				D2DDA8761AF2F8860094BC02 /* Supporting Files */,
			);
			path = "EpiTime WatchKit App";
			sourceTree = "<group>";
		};
		D2DDA8761AF2F8860094BC02 /* Supporting Files */ = {
			isa = PBXGroup;
			children = (
				D2DDA8771AF2F8860094BC02 /* Info.plist */,
			);
			name = "Supporting Files";
			sourceTree = "<group>";
		};
		D2EBC56F1AB4B68700F9BE76 /* XMLDictionaryParser+Escape */ = {
			isa = PBXGroup;
			children = (
				D2EBC5701AB4B6C800F9BE76 /* XMLDictionaryParser+Escape.h */,
				D2EBC5711AB4B6C800F9BE76 /* XMLDictionaryParser+Escape.m */,
			);
			name = "XMLDictionaryParser+Escape";
			sourceTree = "<group>";
		};
		D2EE373C1A894CC100E70651 /* EpiTimeWidget */ = {
			isa = PBXGroup;
			children = (
				D2EE373F1A894CC100E70651 /* TodayViewController.h */,
				D2EE37401A894CC100E70651 /* TodayViewController.m */,
				D2EE37421A894CC100E70651 /* MainInterface.storyboard */,
				D2EE373D1A894CC100E70651 /* Supporting Files */,
			);
			path = EpiTimeWidget;
			sourceTree = "<group>";
		};
		D2EE373D1A894CC100E70651 /* Supporting Files */ = {
			isa = PBXGroup;
			children = (
				D22839FD1A974771001DEB27 /* Staging-Info.plist */,
				D2EE373E1A894CC100E70651 /* Info.plist */,
			);
			name = "Supporting Files";
			sourceTree = "<group>";
		};
		D2EF16EE19E9F82900D95789 /* Schedule */ = {
			isa = PBXGroup;
			children = (
				D2EF16EA19E9F82500D95789 /* ETDayTableViewController.h */,
				D2EF16EB19E9F82500D95789 /* ETDayTableViewController.m */,
				D2045F9D19EB0B4500F4CEFA /* ETWeekViewController.h */,
				D2045F9E19EB0B4500F4CEFA /* ETWeekViewController.m */,
				D2EF16EF19E9FDAD00D95789 /* ETCourseTableViewCell.h */,
				D2EF16F019E9FDAD00D95789 /* ETCourseTableViewCell.m */,
				D2EF16FE19EA067300D95789 /* ETWeekItem.h */,
				D2EF16FF19EA067300D95789 /* ETWeekItem.m */,
				D2EF16F619EA05D200D95789 /* ETDayItem.h */,
				D2EF16F719EA05D200D95789 /* ETDayItem.m */,
				D2EF16FA19EA065D00D95789 /* ETCourseItem.h */,
				D2EF16FB19EA065D00D95789 /* ETCourseItem.m */,
				D2E3BDD91A8B4A00008FE3D9 /* ETCourseDetailView.h */,
				D2E3BDDA1A8B4A00008FE3D9 /* ETCourseDetailView.m */,
				D2E3BDDD1A8B4A1C008FE3D9 /* ETCourseDetailView.xib */,
				D2A222991B24FAF500B12AC1 /* ETDatePickerView.h */,
				D2A2229A1B24FAF500B12AC1 /* ETDatePickerView.m */,
				D2A222961B24FA2B00B12AC1 /* ETDatePickerView.xib */,
			);
			name = Schedule;
			sourceTree = "<group>";
		};
		D2F7AEB11A9DE5B000F750E2 /* Ignore */ = {
			isa = PBXGroup;
			children = (
				D2F7AEB21A9DE5CE00F750E2 /* ETIgnoreViewController.h */,
				D2F7AEB31A9DE5CE00F750E2 /* ETIgnoreViewController.m */,
				D2F7AEBA1A9DE74000F750E2 /* ETIgnoreTableViewCell.h */,
				D2F7AEBB1A9DE74000F750E2 /* ETIgnoreTableViewCell.m */,
			);
			name = Ignore;
			sourceTree = "<group>";
		};
/* End PBXGroup section */

/* Begin PBXNativeTarget section */
		D22839E51A973D24001DEB27 /* EpiTimeWidget Staging */ = {
			isa = PBXNativeTarget;
			buildConfigurationList = D22839F51A973D24001DEB27 /* Build configuration list for PBXNativeTarget "EpiTimeWidget Staging" */;
			buildPhases = (
				D22839E61A973D24001DEB27 /* Sources */,
				D22839F01A973D24001DEB27 /* Frameworks */,
				D22839F31A973D24001DEB27 /* Resources */,
			);
			buildRules = (
			);
			dependencies = (
			);
			name = "EpiTimeWidget Staging";
			productName = EpiTimeWidget;
			productReference = D22839F81A973D24001DEB27 /* EpiTimeWidget Staging.appex */;
			productType = "com.apple.product-type.app-extension";
		};
		D23BED3619E32823000FF210 /* EpiTime */ = {
			isa = PBXNativeTarget;
			buildConfigurationList = D23BED5A19E32823000FF210 /* Build configuration list for PBXNativeTarget "EpiTime" */;
			buildPhases = (
				D2045FAC19EB4C1600F4CEFA /* Check Pods Manifest.lock */,
				D23BED3319E32823000FF210 /* Sources */,
				D23BED3419E32823000FF210 /* Frameworks */,
				D23BED3519E32823000FF210 /* Resources */,
				D23BED7819E328C7000FF210 /* Embed App Extensions */,
				D2045FAB19EB4BF700F4CEFA /* Copy Pods Resources */,
			);
			buildRules = (
			);
			dependencies = (
				D22839E31A973C39001DEB27 /* PBXTargetDependency */,
				D2DDA87E1AF2F8860094BC02 /* PBXTargetDependency */,
			);
			name = EpiTime;
			productName = EpiTime;
			productReference = D23BED3719E32823000FF210 /* EpiTime.app */;
			productType = "com.apple.product-type.application";
		};
		D23BED4F19E32823000FF210 /* EpiTimeTests */ = {
			isa = PBXNativeTarget;
			buildConfigurationList = D23BED5D19E32823000FF210 /* Build configuration list for PBXNativeTarget "EpiTimeTests" */;
			buildPhases = (
				D23BED4C19E32823000FF210 /* Sources */,
				D23BED4D19E32823000FF210 /* Frameworks */,
				D23BED4E19E32823000FF210 /* Resources */,
			);
			buildRules = (
			);
			dependencies = (
				D23BED5219E32823000FF210 /* PBXTargetDependency */,
			);
			name = EpiTimeTests;
			productName = EpiTimeTests;
			productReference = D23BED5019E32823000FF210 /* EpiTimeTests.xctest */;
			productType = "com.apple.product-type.bundle.unit-test";
		};
		D23BED7919E328DA000FF210 /* EpiTime Staging */ = {
			isa = PBXNativeTarget;
			buildConfigurationList = D23BED8919E328DA000FF210 /* Build configuration list for PBXNativeTarget "EpiTime Staging" */;
			buildPhases = (
				D2045FAD19EB4C8500F4CEFA /* Check Pods Manifest.lock */,
				D23BED7E19E328DA000FF210 /* Sources */,
				D23BED8219E328DA000FF210 /* Frameworks */,
				D23BED8319E328DA000FF210 /* Resources */,
				D27EC83E1A860FB50044074B /* Embed App Extensions */,
				76787493055F4107ABE1E363 /* Copy Pods Resources */,
			);
			buildRules = (
			);
			dependencies = (
				D22839FB1A973D48001DEB27 /* PBXTargetDependency */,
			);
			name = "EpiTime Staging";
			productName = EpiTime;
			productReference = D23BED8C19E328DA000FF210 /* EpiTime Staging.app */;
			productType = "com.apple.product-type.application";
		};
		D2DDA85E1AF2F8860094BC02 /* EpiTime WatchKit Extension */ = {
			isa = PBXNativeTarget;
			buildConfigurationList = D2DDA8831AF2F8870094BC02 /* Build configuration list for PBXNativeTarget "EpiTime WatchKit Extension" */;
			buildPhases = (
				D2DDA85B1AF2F8860094BC02 /* Sources */,
				D2DDA85C1AF2F8860094BC02 /* Frameworks */,
				D2DDA85D1AF2F8860094BC02 /* Resources */,
			);
			buildRules = (
			);
			dependencies = (
				D2DDA8741AF2F8860094BC02 /* PBXTargetDependency */,
			);
			name = "EpiTime WatchKit Extension";
			productName = "EpiTime WatchKit Extension";
			productReference = D2DDA85F1AF2F8860094BC02 /* EpiTime WatchKit Extension.appex */;
			productType = "com.apple.product-type.watchkit-extension";
		};
		D2DDA8701AF2F8860094BC02 /* EpiTime WatchKit App */ = {
			isa = PBXNativeTarget;
			buildConfigurationList = D2DDA8801AF2F8870094BC02 /* Build configuration list for PBXNativeTarget "EpiTime WatchKit App" */;
			buildPhases = (
				D2DDA86F1AF2F8860094BC02 /* Resources */,
			);
			buildRules = (
			);
			dependencies = (
			);
			name = "EpiTime WatchKit App";
			productName = "EpiTime WatchKit App";
			productReference = D2DDA8711AF2F8860094BC02 /* EpiTime WatchKit App.app */;
			productType = "com.apple.product-type.application.watchapp";
		};
		D2EE37391A894CC100E70651 /* EpiTimeWidget */ = {
			isa = PBXNativeTarget;
			buildConfigurationList = D2EE37471A894CC100E70651 /* Build configuration list for PBXNativeTarget "EpiTimeWidget" */;
			buildPhases = (
				D2EE37361A894CC100E70651 /* Sources */,
				D2EE37371A894CC100E70651 /* Frameworks */,
				D2EE37381A894CC100E70651 /* Resources */,
			);
			buildRules = (
			);
			dependencies = (
			);
			name = EpiTimeWidget;
			productName = EpiTimeWidget;
			productReference = D2EE373A1A894CC100E70651 /* EpiTimeWidget.appex */;
			productType = "com.apple.product-type.app-extension";
		};
/* End PBXNativeTarget section */

/* Begin PBXProject section */
		D23BED2F19E32823000FF210 /* Project object */ = {
			isa = PBXProject;
			attributes = {
				LastUpgradeCheck = 0610;
				ORGANIZATIONNAME = EpiTime;
				TargetAttributes = {
					D22839E51A973D24001DEB27 = {
						DevelopmentTeam = E5L7NC8M9T;
					};
					D23BED3619E32823000FF210 = {
						CreatedOnToolsVersion = 6.0.1;
						DevelopmentTeam = E5L7NC8M9T;
						SystemCapabilities = {
							com.apple.ApplicationGroups.iOS = {
								enabled = 0;
							};
						};
					};
					D23BED4F19E32823000FF210 = {
						CreatedOnToolsVersion = 6.0.1;
						TestTargetID = D23BED3619E32823000FF210;
					};
					D23BED7919E328DA000FF210 = {
						DevelopmentTeam = E5L7NC8M9T;
						SystemCapabilities = {
							com.apple.ApplicationGroups.iOS = {
								enabled = 0;
							};
						};
					};
					D2DDA85E1AF2F8860094BC02 = {
						CreatedOnToolsVersion = 6.3;
						DevelopmentTeam = E5L7NC8M9T;
					};
					D2DDA8701AF2F8860094BC02 = {
						CreatedOnToolsVersion = 6.3;
						DevelopmentTeam = E5L7NC8M9T;
					};
					D2EE37391A894CC100E70651 = {
						CreatedOnToolsVersion = 6.1.1;
						DevelopmentTeam = E5L7NC8M9T;
					};
				};
			};
			buildConfigurationList = D23BED3219E32823000FF210 /* Build configuration list for PBXProject "EpiTime" */;
			compatibilityVersion = "Xcode 3.2";
			developmentRegion = English;
			hasScannedForEncodings = 0;
			knownRegions = (
				Base,
			);
			mainGroup = D23BED2E19E32823000FF210;
			productRefGroup = D23BED3819E32823000FF210 /* Products */;
			projectDirPath = "";
			projectRoot = "";
			targets = (
				D23BED7919E328DA000FF210 /* EpiTime Staging */,
				D23BED3619E32823000FF210 /* EpiTime */,
				D23BED4F19E32823000FF210 /* EpiTimeTests */,
				D22839E51A973D24001DEB27 /* EpiTimeWidget Staging */,
				D2EE37391A894CC100E70651 /* EpiTimeWidget */,
				D2DDA85E1AF2F8860094BC02 /* EpiTime WatchKit Extension */,
				D2DDA8701AF2F8860094BC02 /* EpiTime WatchKit App */,
			);
		};
/* End PBXProject section */

/* Begin PBXResourcesBuildPhase section */
		D22839F31A973D24001DEB27 /* Resources */ = {
			isa = PBXResourcesBuildPhase;
			buildActionMask = 2147483647;
			files = (
				D2DD27A51A9A4A5900710562 /* Localizable.strings in Resources */,
				D22839F41A973D24001DEB27 /* MainInterface.storyboard in Resources */,
			);
			runOnlyForDeploymentPostprocessing = 0;
		};
		D23BED3519E32823000FF210 /* Resources */ = {
			isa = PBXResourcesBuildPhase;
			buildActionMask = 2147483647;
			files = (
				D215B3811A307076007ED4F0 /* Loading.xcassets in Resources */,
				D2DD27A41A9A4A5900710562 /* Localizable.strings in Resources */,
				D23BED4619E32823000FF210 /* Main.storyboard in Resources */,
				D23BED4B19E32823000FF210 /* LaunchScreen.xib in Resources */,
				D2E3BDDF1A8B4A1C008FE3D9 /* ETCourseDetailView.xib in Resources */,
				D2A222981B24FA2B00B12AC1 /* ETDatePickerView.xib in Resources */,
				D2EF16F519EA031000D95789 /* Day.xcassets in Resources */,
				D23BED4819E32823000FF210 /* Images.xcassets in Resources */,
			);
			runOnlyForDeploymentPostprocessing = 0;
		};
		D23BED4E19E32823000FF210 /* Resources */ = {
			isa = PBXResourcesBuildPhase;
			buildActionMask = 2147483647;
			files = (
			);
			runOnlyForDeploymentPostprocessing = 0;
		};
		D23BED8319E328DA000FF210 /* Resources */ = {
			isa = PBXResourcesBuildPhase;
			buildActionMask = 2147483647;
			files = (
				D215B3801A307076007ED4F0 /* Loading.xcassets in Resources */,
				D2DD27A31A9A4A5900710562 /* Localizable.strings in Resources */,
				D23BED8419E328DA000FF210 /* Main.storyboard in Resources */,
				D23BED8519E328DA000FF210 /* LaunchScreen.xib in Resources */,
				D2E3BDDE1A8B4A1C008FE3D9 /* ETCourseDetailView.xib in Resources */,
				D2A222971B24FA2B00B12AC1 /* ETDatePickerView.xib in Resources */,
				D2EF16F419EA031000D95789 /* Day.xcassets in Resources */,
				D23BED8619E328DA000FF210 /* Images.xcassets in Resources */,
			);
			runOnlyForDeploymentPostprocessing = 0;
		};
		D2DDA85D1AF2F8860094BC02 /* Resources */ = {
			isa = PBXResourcesBuildPhase;
			buildActionMask = 2147483647;
			files = (
				D21110E31AF30228006FB158 /* Images.xcassets in Resources */,
				D2DDA8721AF2F8860094BC02 /* EpiTime WatchKit App.app in Resources */,
				D2DDA86E1AF2F8860094BC02 /* Images.xcassets in Resources */,
			);
			runOnlyForDeploymentPostprocessing = 0;
		};
		D2DDA86F1AF2F8860094BC02 /* Resources */ = {
			isa = PBXResourcesBuildPhase;
			buildActionMask = 2147483647;
			files = (
				D2DDA87A1AF2F8860094BC02 /* Interface.storyboard in Resources */,
				D2DDA87C1AF2F8860094BC02 /* Images.xcassets in Resources */,
			);
			runOnlyForDeploymentPostprocessing = 0;
		};
		D2EE37381A894CC100E70651 /* Resources */ = {
			isa = PBXResourcesBuildPhase;
			buildActionMask = 2147483647;
			files = (
				D2DD27A61A9A4A5900710562 /* Localizable.strings in Resources */,
				D2EE37431A894CC100E70651 /* MainInterface.storyboard in Resources */,
			);
			runOnlyForDeploymentPostprocessing = 0;
		};
/* End PBXResourcesBuildPhase section */

/* Begin PBXShellScriptBuildPhase section */
		76787493055F4107ABE1E363 /* Copy Pods Resources */ = {
			isa = PBXShellScriptBuildPhase;
			buildActionMask = 2147483647;
			files = (
			);
			inputPaths = (
			);
			name = "Copy Pods Resources";
			outputPaths = (
			);
			runOnlyForDeploymentPostprocessing = 0;
			shellPath = /bin/sh;
			shellScript = "\"${SRCROOT}/Pods/Target Support Files/Pods/Pods-resources.sh\"\n";
			showEnvVarsInLog = 0;
		};
		D2045FAB19EB4BF700F4CEFA /* Copy Pods Resources */ = {
			isa = PBXShellScriptBuildPhase;
			buildActionMask = 2147483647;
			files = (
			);
			inputPaths = (
			);
			name = "Copy Pods Resources";
			outputPaths = (
			);
			runOnlyForDeploymentPostprocessing = 0;
			shellPath = /bin/sh;
			shellScript = "\"${SRCROOT}/Pods/Target Support Files/Pods/Pods-resources.sh\"\n";
			showEnvVarsInLog = 0;
		};
		D2045FAC19EB4C1600F4CEFA /* Check Pods Manifest.lock */ = {
			isa = PBXShellScriptBuildPhase;
			buildActionMask = 2147483647;
			files = (
			);
			inputPaths = (
			);
			name = "Check Pods Manifest.lock";
			outputPaths = (
			);
			runOnlyForDeploymentPostprocessing = 0;
			shellPath = /bin/sh;
			shellScript = "diff \"${PODS_ROOT}/../Podfile.lock\" \"${PODS_ROOT}/Manifest.lock\" > /dev/null\nif [[ $? != 0 ]] ; then\ncat << EOM\nerror: The sandbox is not in sync with the Podfile.lock. Run 'pod install' or update your CocoaPods installation.\nEOM\nexit 1\nfi\n";
			showEnvVarsInLog = 0;
		};
		D2045FAD19EB4C8500F4CEFA /* Check Pods Manifest.lock */ = {
			isa = PBXShellScriptBuildPhase;
			buildActionMask = 2147483647;
			files = (
			);
			inputPaths = (
			);
			name = "Check Pods Manifest.lock";
			outputPaths = (
			);
			runOnlyForDeploymentPostprocessing = 0;
			shellPath = /bin/sh;
			shellScript = "diff \"${PODS_ROOT}/../Podfile.lock\" \"${PODS_ROOT}/Manifest.lock\" > /dev/null\nif [[ $? != 0 ]] ; then\ncat << EOM\nerror: The sandbox is not in sync with the Podfile.lock. Run 'pod install' or update your CocoaPods installation.\nEOM\nexit 1\nfi\n";
			showEnvVarsInLog = 0;
		};
/* End PBXShellScriptBuildPhase section */

/* Begin PBXSourcesBuildPhase section */
		D22839E61A973D24001DEB27 /* Sources */ = {
			isa = PBXSourcesBuildPhase;
			buildActionMask = 2147483647;
			files = (
				D22839E71A973D24001DEB27 /* ETGroupItem.m in Sources */,
				D2EBC5741AB4B6C800F9BE76 /* XMLDictionaryParser+Escape.m in Sources */,
				D22839E81A973D24001DEB27 /* ETCourseTableViewCell.m in Sources */,
				D22839E91A973D24001DEB27 /* ETWeekItem.m in Sources */,
				D22839EA1A973D24001DEB27 /* ETDayItem.m in Sources */,
				D22839EB1A973D24001DEB27 /* ETCourseItem.m in Sources */,
				D22839EC1A973D24001DEB27 /* ETAPI.m in Sources */,
				D22839ED1A973D24001DEB27 /* ETTools.m in Sources */,
				D22839EE1A973D24001DEB27 /* ETConstants.m in Sources */,
				D22839EF1A973D24001DEB27 /* TodayViewController.m in Sources */,
			);
			runOnlyForDeploymentPostprocessing = 0;
		};
		D23BED3319E32823000FF210 /* Sources */ = {
			isa = PBXSourcesBuildPhase;
			buildActionMask = 2147483647;
			files = (
				D2F7AEB51A9DE5CE00F750E2 /* ETIgnoreViewController.m in Sources */,
				D2A2229C1B24FAF500B12AC1 /* ETDatePickerView.m in Sources */,
				D23BED4019E32823000FF210 /* ETAppDelegate.m in Sources */,
				D215B37E1A306CAF007ED4F0 /* UIImageView+Animation.m in Sources */,
				D280021B1A443FF900861E20 /* ETGroupTableViewCell.m in Sources */,
				D28002171A443F9D00861E20 /* ETGroupsViewController.m in Sources */,
				D23265E619E991A50009334B /* ETTools.m in Sources */,
				D2EF16F919EA05D200D95789 /* ETDayItem.m in Sources */,
				D2045FA419EB1E9600F4CEFA /* ETAPI.m in Sources */,
				D2E3BDDC1A8B4A00008FE3D9 /* ETCourseDetailView.m in Sources */,
				D2EF170119EA067300D95789 /* ETWeekItem.m in Sources */,
				D2F7AEBD1A9DE74000F750E2 /* ETIgnoreTableViewCell.m in Sources */,
				D23BED3D19E32823000FF210 /* main.m in Sources */,
				D2EF16FD19EA065D00D95789 /* ETCourseItem.m in Sources */,
				D2EF16ED19E9F82500D95789 /* ETDayTableViewController.m in Sources */,
				D280021F1A44D18F00861E20 /* ETGroupItem.m in Sources */,
				D2EBC5731AB4B6C800F9BE76 /* XMLDictionaryParser+Escape.m in Sources */,
				D2045FA919EB200000F4CEFA /* ETConstants.m in Sources */,
				D2EF16F219E9FDAD00D95789 /* ETCourseTableViewCell.m in Sources */,
				D2045FA019EB0B4500F4CEFA /* ETWeekViewController.m in Sources */,
			);
			runOnlyForDeploymentPostprocessing = 0;
		};
		D23BED4C19E32823000FF210 /* Sources */ = {
			isa = PBXSourcesBuildPhase;
			buildActionMask = 2147483647;
			files = (
				D23265E719E991A50009334B /* ETTools.m in Sources */,
				D23BED5719E32823000FF210 /* EpiTimeTests.m in Sources */,
			);
			runOnlyForDeploymentPostprocessing = 0;
		};
		D23BED7E19E328DA000FF210 /* Sources */ = {
			isa = PBXSourcesBuildPhase;
			buildActionMask = 2147483647;
			files = (
				D2F7AEB41A9DE5CE00F750E2 /* ETIgnoreViewController.m in Sources */,
				D2A2229B1B24FAF500B12AC1 /* ETDatePickerView.m in Sources */,
				D23BED8019E328DA000FF210 /* ETAppDelegate.m in Sources */,
				D215B37D1A306CAF007ED4F0 /* UIImageView+Animation.m in Sources */,
				D280021A1A443FF900861E20 /* ETGroupTableViewCell.m in Sources */,
				D28002161A443F9D00861E20 /* ETGroupsViewController.m in Sources */,
				D23265E519E991A50009334B /* ETTools.m in Sources */,
				D2EF16F819EA05D200D95789 /* ETDayItem.m in Sources */,
				D2045FA319EB1E9600F4CEFA /* ETAPI.m in Sources */,
				D2E3BDDB1A8B4A00008FE3D9 /* ETCourseDetailView.m in Sources */,
				D2EF170019EA067300D95789 /* ETWeekItem.m in Sources */,
				D2F7AEBC1A9DE74000F750E2 /* ETIgnoreTableViewCell.m in Sources */,
				D23BED8119E328DA000FF210 /* main.m in Sources */,
				D2EF16FC19EA065D00D95789 /* ETCourseItem.m in Sources */,
				D2EF16EC19E9F82500D95789 /* ETDayTableViewController.m in Sources */,
				D280021E1A44D18F00861E20 /* ETGroupItem.m in Sources */,
				D2EBC5721AB4B6C800F9BE76 /* XMLDictionaryParser+Escape.m in Sources */,
				D2045FA819EB200000F4CEFA /* ETConstants.m in Sources */,
				D2EF16F119E9FDAD00D95789 /* ETCourseTableViewCell.m in Sources */,
				D2045F9F19EB0B4500F4CEFA /* ETWeekViewController.m in Sources */,
			);
			runOnlyForDeploymentPostprocessing = 0;
		};
		D2DDA85B1AF2F8860094BC02 /* Sources */ = {
			isa = PBXSourcesBuildPhase;
			buildActionMask = 2147483647;
			files = (
				D2BAE0A21B0C8188003D990E /* XMLDictionaryParser+Escape.m in Sources */,
				D2BAE0A11B0C8062003D990E /* ETCourseItem.m in Sources */,
				D2BAE0A01B0C8058003D990E /* ETDayItem.m in Sources */,
				D2BAE09F1B0C804F003D990E /* ETConstants.m in Sources */,
				D2BAE09E1B0C803B003D990E /* ETWeekItem.m in Sources */,
				D2BAE09D1B0C8032003D990E /* ETTools.m in Sources */,
				D2BAE09C1B0C8024003D990E /* ETGroupItem.m in Sources */,
				D2BAE0971B0C7D68003D990E /* ETAPI.m in Sources */,
				D2DDA8691AF2F8860094BC02 /* NotificationController.m in Sources */,
				D2DDA8661AF2F8860094BC02 /* InterfaceController.m in Sources */,
				D2DDA86C1AF2F8860094BC02 /* GlanceController.m in Sources */,
				D2B24E5F1AF2F90F00948883 /* ClassRow.m in Sources */,
			);
			runOnlyForDeploymentPostprocessing = 0;
		};
		D2EE37361A894CC100E70651 /* Sources */ = {
			isa = PBXSourcesBuildPhase;
			buildActionMask = 2147483647;
			files = (
				D2781CA21A8950D30090369F /* ETGroupItem.m in Sources */,
				D2EBC5751AB4B6C800F9BE76 /* XMLDictionaryParser+Escape.m in Sources */,
				D2EE374C1A894D4700E70651 /* ETCourseTableViewCell.m in Sources */,
				D2EE374D1A894D4700E70651 /* ETWeekItem.m in Sources */,
				D2EE374E1A894D4700E70651 /* ETDayItem.m in Sources */,
				D2EE374F1A894D4700E70651 /* ETCourseItem.m in Sources */,
				D2EE37501A894D4700E70651 /* ETAPI.m in Sources */,
				D2EE37511A894D4700E70651 /* ETTools.m in Sources */,
				D2EE37521A894D4700E70651 /* ETConstants.m in Sources */,
				D2EE37411A894CC100E70651 /* TodayViewController.m in Sources */,
			);
			runOnlyForDeploymentPostprocessing = 0;
		};
/* End PBXSourcesBuildPhase section */

/* Begin PBXTargetDependency section */
		D22839E31A973C39001DEB27 /* PBXTargetDependency */ = {
			isa = PBXTargetDependency;
			target = D2EE37391A894CC100E70651 /* EpiTimeWidget */;
			targetProxy = D22839E21A973C39001DEB27 /* PBXContainerItemProxy */;
		};
		D22839FB1A973D48001DEB27 /* PBXTargetDependency */ = {
			isa = PBXTargetDependency;
			target = D22839E51A973D24001DEB27 /* EpiTimeWidget Staging */;
			targetProxy = D22839FA1A973D48001DEB27 /* PBXContainerItemProxy */;
		};
		D23BED5219E32823000FF210 /* PBXTargetDependency */ = {
			isa = PBXTargetDependency;
			target = D23BED3619E32823000FF210 /* EpiTime */;
			targetProxy = D23BED5119E32823000FF210 /* PBXContainerItemProxy */;
		};
		D2DDA8741AF2F8860094BC02 /* PBXTargetDependency */ = {
			isa = PBXTargetDependency;
			target = D2DDA8701AF2F8860094BC02 /* EpiTime WatchKit App */;
			targetProxy = D2DDA8731AF2F8860094BC02 /* PBXContainerItemProxy */;
		};
		D2DDA87E1AF2F8860094BC02 /* PBXTargetDependency */ = {
			isa = PBXTargetDependency;
			target = D2DDA85E1AF2F8860094BC02 /* EpiTime WatchKit Extension */;
			targetProxy = D2DDA87D1AF2F8860094BC02 /* PBXContainerItemProxy */;
		};
/* End PBXTargetDependency section */

/* Begin PBXVariantGroup section */
		D23BED4419E32823000FF210 /* Main.storyboard */ = {
			isa = PBXVariantGroup;
			children = (
				D23BED4519E32823000FF210 /* Base */,
				D2DD27A11A9A49E600710562 /* en */,
			);
			name = Main.storyboard;
			sourceTree = "<group>";
		};
		D23BED4919E32823000FF210 /* LaunchScreen.xib */ = {
			isa = PBXVariantGroup;
			children = (
				D23BED4A19E32823000FF210 /* Base */,
				D2DD27A21A9A49E600710562 /* en */,
			);
			name = LaunchScreen.xib;
			sourceTree = "<group>";
		};
		D2DD27A81A9A4A5900710562 /* Localizable.strings */ = {
			isa = PBXVariantGroup;
			children = (
				D2DD27A71A9A4A5900710562 /* en */,
			);
			name = Localizable.strings;
			path = Resources;
			sourceTree = "<group>";
		};
		D2DDA8781AF2F8860094BC02 /* Interface.storyboard */ = {
			isa = PBXVariantGroup;
			children = (
				D2DDA8791AF2F8860094BC02 /* Base */,
			);
			name = Interface.storyboard;
			sourceTree = "<group>";
		};
/* End PBXVariantGroup section */

/* Begin XCBuildConfiguration section */
		D22839F61A973D24001DEB27 /* Debug */ = {
			isa = XCBuildConfiguration;
			baseConfigurationReference = 17F193E0234C88AF8757E8AB /* Pods.debug.xcconfig */;
			buildSettings = {
				CODE_SIGN_IDENTITY = "iPhone Developer";
				"CODE_SIGN_IDENTITY[sdk=iphoneos*]" = "iPhone Developer";
				GCC_PREPROCESSOR_DEFINITIONS = (
					"DEBUG=1",
					"$(inherited)",
				);
				INFOPLIST_FILE = "$(SRCROOT)/EpiTimeWidget/Staging-Info.plist";
				IPHONEOS_DEPLOYMENT_TARGET = 8.2;
				LD_RUNPATH_SEARCH_PATHS = "$(inherited) @executable_path/Frameworks @executable_path/../../Frameworks";
				LIBRARY_SEARCH_PATHS = "$(inherited)";
				ONLY_ACTIVE_ARCH = YES;
				PRODUCT_NAME = "EpiTimeWidget Staging";
				SKIP_INSTALL = YES;
			};
			name = Debug;
		};
		D22839F71A973D24001DEB27 /* Release */ = {
			isa = XCBuildConfiguration;
			baseConfigurationReference = 90738772E0B42BB0F4E3E2A4 /* Pods.release.xcconfig */;
			buildSettings = {
				CODE_SIGN_IDENTITY = "iPhone Developer";
				"CODE_SIGN_IDENTITY[sdk=iphoneos*]" = "iPhone Developer";
				INFOPLIST_FILE = "$(SRCROOT)/EpiTimeWidget/Staging-Info.plist";
				IPHONEOS_DEPLOYMENT_TARGET = 8.2;
				LD_RUNPATH_SEARCH_PATHS = "$(inherited) @executable_path/Frameworks @executable_path/../../Frameworks";
				LIBRARY_SEARCH_PATHS = "$(inherited)";
				ONLY_ACTIVE_ARCH = NO;
				PRODUCT_NAME = "EpiTimeWidget Staging";
				SKIP_INSTALL = YES;
			};
			name = Release;
		};
		D23BED5819E32823000FF210 /* Debug */ = {
			isa = XCBuildConfiguration;
			buildSettings = {
				ALWAYS_SEARCH_USER_PATHS = YES;
				CLANG_CXX_LANGUAGE_STANDARD = "gnu++0x";
				CLANG_CXX_LIBRARY = "libc++";
				CLANG_ENABLE_MODULES = YES;
				CLANG_ENABLE_OBJC_ARC = YES;
				CLANG_WARN_BOOL_CONVERSION = YES;
				CLANG_WARN_CONSTANT_CONVERSION = YES;
				CLANG_WARN_DIRECT_OBJC_ISA_USAGE = YES_ERROR;
				CLANG_WARN_EMPTY_BODY = YES;
				CLANG_WARN_ENUM_CONVERSION = YES;
				CLANG_WARN_INT_CONVERSION = YES;
				CLANG_WARN_OBJC_ROOT_CLASS = YES_ERROR;
				CLANG_WARN_UNREACHABLE_CODE = YES;
				CLANG_WARN__DUPLICATE_METHOD_MATCH = YES;
				"CODE_SIGN_IDENTITY[sdk=iphoneos*]" = "iPhone Developer";
				COPY_PHASE_STRIP = NO;
				ENABLE_STRICT_OBJC_MSGSEND = YES;
				GCC_C_LANGUAGE_STANDARD = gnu99;
				GCC_DYNAMIC_NO_PIC = NO;
				GCC_OPTIMIZATION_LEVEL = 0;
				GCC_PREPROCESSOR_DEFINITIONS = (
					"DEBUG=1",
					"$(inherited)",
				);
				GCC_SYMBOLS_PRIVATE_EXTERN = NO;
				GCC_WARN_64_TO_32_BIT_CONVERSION = YES;
				GCC_WARN_ABOUT_RETURN_TYPE = YES_ERROR;
				GCC_WARN_UNDECLARED_SELECTOR = YES;
				GCC_WARN_UNINITIALIZED_AUTOS = YES_AGGRESSIVE;
				GCC_WARN_UNUSED_FUNCTION = YES;
				GCC_WARN_UNUSED_VARIABLE = YES;
				IPHONEOS_DEPLOYMENT_TARGET = 8.2;
				MTL_ENABLE_DEBUG_INFO = YES;
				ONLY_ACTIVE_ARCH = YES;
				PROVISIONING_PROFILE = "";
				SDKROOT = iphoneos;
			};
			name = Debug;
		};
		D23BED5919E32823000FF210 /* Release */ = {
			isa = XCBuildConfiguration;
			buildSettings = {
				ALWAYS_SEARCH_USER_PATHS = YES;
				CLANG_CXX_LANGUAGE_STANDARD = "gnu++0x";
				CLANG_CXX_LIBRARY = "libc++";
				CLANG_ENABLE_MODULES = YES;
				CLANG_ENABLE_OBJC_ARC = YES;
				CLANG_WARN_BOOL_CONVERSION = YES;
				CLANG_WARN_CONSTANT_CONVERSION = YES;
				CLANG_WARN_DIRECT_OBJC_ISA_USAGE = YES_ERROR;
				CLANG_WARN_EMPTY_BODY = YES;
				CLANG_WARN_ENUM_CONVERSION = YES;
				CLANG_WARN_INT_CONVERSION = YES;
				CLANG_WARN_OBJC_ROOT_CLASS = YES_ERROR;
				CLANG_WARN_UNREACHABLE_CODE = YES;
				CLANG_WARN__DUPLICATE_METHOD_MATCH = YES;
				"CODE_SIGN_IDENTITY[sdk=iphoneos*]" = "iPhone Developer";
				COPY_PHASE_STRIP = YES;
				ENABLE_NS_ASSERTIONS = NO;
				ENABLE_STRICT_OBJC_MSGSEND = YES;
				GCC_C_LANGUAGE_STANDARD = gnu99;
				GCC_WARN_64_TO_32_BIT_CONVERSION = YES;
				GCC_WARN_ABOUT_RETURN_TYPE = YES_ERROR;
				GCC_WARN_UNDECLARED_SELECTOR = YES;
				GCC_WARN_UNINITIALIZED_AUTOS = YES_AGGRESSIVE;
				GCC_WARN_UNUSED_FUNCTION = YES;
				GCC_WARN_UNUSED_VARIABLE = YES;
				IPHONEOS_DEPLOYMENT_TARGET = 8.2;
				MTL_ENABLE_DEBUG_INFO = NO;
				PROVISIONING_PROFILE = "";
				SDKROOT = iphoneos;
				VALIDATE_PRODUCT = YES;
			};
			name = Release;
		};
		D23BED5B19E32823000FF210 /* Debug */ = {
			isa = XCBuildConfiguration;
			baseConfigurationReference = 17F193E0234C88AF8757E8AB /* Pods.debug.xcconfig */;
			buildSettings = {
				ASSETCATALOG_COMPILER_APPICON_NAME = AppIcon;
				CODE_SIGN_IDENTITY = "iPhone Developer";
				"CODE_SIGN_IDENTITY[sdk=iphoneos*]" = "iPhone Developer";
				INFOPLIST_FILE = "EpiTime/EpiTime-Info.plist";
				IPHONEOS_DEPLOYMENT_TARGET = 8.2;
				LD_RUNPATH_SEARCH_PATHS = "$(inherited) @executable_path/Frameworks";
				LIBRARY_SEARCH_PATHS = "$(inherited)";
				ONLY_ACTIVE_ARCH = YES;
				PRODUCT_NAME = "$(TARGET_NAME)";
				PROVISIONING_PROFILE = "";
			};
			name = Debug;
		};
		D23BED5C19E32823000FF210 /* Release */ = {
			isa = XCBuildConfiguration;
			baseConfigurationReference = 90738772E0B42BB0F4E3E2A4 /* Pods.release.xcconfig */;
			buildSettings = {
				ASSETCATALOG_COMPILER_APPICON_NAME = AppIcon;
				CODE_SIGN_IDENTITY = "iPhone Developer";
				"CODE_SIGN_IDENTITY[sdk=iphoneos*]" = "iPhone Developer";
				INFOPLIST_FILE = "EpiTime/EpiTime-Info.plist";
				IPHONEOS_DEPLOYMENT_TARGET = 8.2;
				LD_RUNPATH_SEARCH_PATHS = "$(inherited) @executable_path/Frameworks";
				LIBRARY_SEARCH_PATHS = "$(inherited)";
				ONLY_ACTIVE_ARCH = NO;
				PRODUCT_NAME = "$(TARGET_NAME)";
				PROVISIONING_PROFILE = "";
			};
			name = Release;
		};
		D23BED5E19E32823000FF210 /* Debug */ = {
			isa = XCBuildConfiguration;
			baseConfigurationReference = 17F193E0234C88AF8757E8AB /* Pods.debug.xcconfig */;
			buildSettings = {
				BUNDLE_LOADER = "$(TEST_HOST)";
				FRAMEWORK_SEARCH_PATHS = (
					"$(SDKROOT)/Developer/Library/Frameworks",
					"$(inherited)",
				);
				GCC_PREPROCESSOR_DEFINITIONS = (
					"DEBUG=1",
					"$(inherited)",
				);
				INFOPLIST_FILE = EpiTimeTests/Info.plist;
				LD_RUNPATH_SEARCH_PATHS = "$(inherited) @executable_path/Frameworks @loader_path/Frameworks";
				ONLY_ACTIVE_ARCH = YES;
				PRODUCT_NAME = "$(TARGET_NAME)";
				TEST_HOST = "$(BUILT_PRODUCTS_DIR)/EpiTime.app/EpiTime";
			};
			name = Debug;
		};
		D23BED5F19E32823000FF210 /* Release */ = {
			isa = XCBuildConfiguration;
			baseConfigurationReference = 90738772E0B42BB0F4E3E2A4 /* Pods.release.xcconfig */;
			buildSettings = {
				BUNDLE_LOADER = "$(TEST_HOST)";
				FRAMEWORK_SEARCH_PATHS = (
					"$(SDKROOT)/Developer/Library/Frameworks",
					"$(inherited)",
				);
				INFOPLIST_FILE = EpiTimeTests/Info.plist;
				LD_RUNPATH_SEARCH_PATHS = "$(inherited) @executable_path/Frameworks @loader_path/Frameworks";
				ONLY_ACTIVE_ARCH = NO;
				PRODUCT_NAME = "$(TARGET_NAME)";
				TEST_HOST = "$(BUILT_PRODUCTS_DIR)/EpiTime.app/EpiTime";
			};
			name = Release;
		};
		D23BED8A19E328DA000FF210 /* Debug */ = {
			isa = XCBuildConfiguration;
			baseConfigurationReference = 17F193E0234C88AF8757E8AB /* Pods.debug.xcconfig */;
			buildSettings = {
				ASSETCATALOG_COMPILER_APPICON_NAME = AppIcon;
				CODE_SIGN_IDENTITY = "iPhone Developer";
				"CODE_SIGN_IDENTITY[sdk=iphoneos*]" = "iPhone Developer";
				INFOPLIST_FILE = "EpiTime/EpiTime Staging-Info.plist";
				IPHONEOS_DEPLOYMENT_TARGET = 8.2;
				LD_RUNPATH_SEARCH_PATHS = "$(inherited) @executable_path/Frameworks";
				LIBRARY_SEARCH_PATHS = "$(inherited)";
				ONLY_ACTIVE_ARCH = YES;
				PRODUCT_NAME = "EpiTime Staging";
				PROVISIONING_PROFILE = "";
			};
			name = Debug;
		};
		D23BED8B19E328DA000FF210 /* Release */ = {
			isa = XCBuildConfiguration;
			baseConfigurationReference = 90738772E0B42BB0F4E3E2A4 /* Pods.release.xcconfig */;
			buildSettings = {
				ASSETCATALOG_COMPILER_APPICON_NAME = AppIcon;
				CODE_SIGN_IDENTITY = "iPhone Developer";
				"CODE_SIGN_IDENTITY[sdk=iphoneos*]" = "iPhone Developer";
				INFOPLIST_FILE = "EpiTime/EpiTime Staging-Info.plist";
				IPHONEOS_DEPLOYMENT_TARGET = 8.2;
				LD_RUNPATH_SEARCH_PATHS = "$(inherited) @executable_path/Frameworks";
				LIBRARY_SEARCH_PATHS = "$(inherited)";
				ONLY_ACTIVE_ARCH = NO;
				PRODUCT_NAME = "EpiTime Staging";
				PROVISIONING_PROFILE = "";
			};
			name = Release;
		};
		D2DDA8811AF2F8870094BC02 /* Debug */ = {
			isa = XCBuildConfiguration;
			buildSettings = {
				ALWAYS_SEARCH_USER_PATHS = NO;
				ASSETCATALOG_COMPILER_APPICON_NAME = AppIcon;
				CODE_SIGN_IDENTITY = "iPhone Developer";
				"CODE_SIGN_IDENTITY[sdk=iphoneos*]" = "iPhone Developer";
				DEBUG_INFORMATION_FORMAT = "dwarf-with-dsym";
				GCC_NO_COMMON_BLOCKS = YES;
				GCC_PREPROCESSOR_DEFINITIONS = (
					"DEBUG=1",
					"$(inherited)",
				);
				IBSC_MODULE = EpiTime_WatchKit_Extension;
				INFOPLIST_FILE = "EpiTime WatchKit App/Info.plist";
				IPHONEOS_DEPLOYMENT_TARGET = 8.2;
				PRODUCT_NAME = "$(TARGET_NAME)";
				SKIP_INSTALL = YES;
				TARGETED_DEVICE_FAMILY = 4;
				"TARGETED_DEVICE_FAMILY[sdk=iphonesimulator*]" = "1,4";
			};
			name = Debug;
		};
		D2DDA8821AF2F8870094BC02 /* Release */ = {
			isa = XCBuildConfiguration;
			buildSettings = {
				ALWAYS_SEARCH_USER_PATHS = NO;
				ASSETCATALOG_COMPILER_APPICON_NAME = AppIcon;
				CODE_SIGN_IDENTITY = "iPhone Developer";
				"CODE_SIGN_IDENTITY[sdk=iphoneos*]" = "iPhone Developer";
				COPY_PHASE_STRIP = NO;
				DEBUG_INFORMATION_FORMAT = "dwarf-with-dsym";
				GCC_NO_COMMON_BLOCKS = YES;
				IBSC_MODULE = EpiTime_WatchKit_Extension;
				INFOPLIST_FILE = "EpiTime WatchKit App/Info.plist";
				IPHONEOS_DEPLOYMENT_TARGET = 8.2;
				PRODUCT_NAME = "$(TARGET_NAME)";
				SKIP_INSTALL = YES;
				TARGETED_DEVICE_FAMILY = 4;
				"TARGETED_DEVICE_FAMILY[sdk=iphonesimulator*]" = "1,4";
			};
			name = Release;
		};
		D2DDA8841AF2F8870094BC02 /* Debug */ = {
			isa = XCBuildConfiguration;
			baseConfigurationReference = 17F193E0234C88AF8757E8AB /* Pods.debug.xcconfig */;
			buildSettings = {
				ALWAYS_SEARCH_USER_PATHS = NO;
				CODE_SIGN_IDENTITY = "iPhone Developer";
				"CODE_SIGN_IDENTITY[sdk=iphoneos*]" = "iPhone Developer";
				DEBUG_INFORMATION_FORMAT = "dwarf-with-dsym";
				GCC_NO_COMMON_BLOCKS = YES;
				GCC_PREPROCESSOR_DEFINITIONS = (
					"DEBUG=1",
					"$(inherited)",
				);
				INFOPLIST_FILE = "EpiTime WatchKit Extension/Info.plist";
				IPHONEOS_DEPLOYMENT_TARGET = 8.3;
				LD_RUNPATH_SEARCH_PATHS = "$(inherited) @executable_path/Frameworks @executable_path/../../Frameworks";
				LIBRARY_SEARCH_PATHS = "$(inherited)";
				PRODUCT_NAME = "${TARGET_NAME}";
				SKIP_INSTALL = YES;
			};
			name = Debug;
		};
		D2DDA8851AF2F8870094BC02 /* Release */ = {
			isa = XCBuildConfiguration;
			baseConfigurationReference = 90738772E0B42BB0F4E3E2A4 /* Pods.release.xcconfig */;
			buildSettings = {
				ALWAYS_SEARCH_USER_PATHS = NO;
				CODE_SIGN_IDENTITY = "iPhone Developer";
				"CODE_SIGN_IDENTITY[sdk=iphoneos*]" = "iPhone Developer";
				COPY_PHASE_STRIP = NO;
				DEBUG_INFORMATION_FORMAT = "dwarf-with-dsym";
				GCC_NO_COMMON_BLOCKS = YES;
				INFOPLIST_FILE = "EpiTime WatchKit Extension/Info.plist";
				IPHONEOS_DEPLOYMENT_TARGET = 8.3;
				LD_RUNPATH_SEARCH_PATHS = "$(inherited) @executable_path/Frameworks @executable_path/../../Frameworks";
				LIBRARY_SEARCH_PATHS = "$(inherited)";
				PRODUCT_NAME = "${TARGET_NAME}";
				SKIP_INSTALL = YES;
			};
			name = Release;
		};
		D2EE37481A894CC100E70651 /* Debug */ = {
			isa = XCBuildConfiguration;
			baseConfigurationReference = 17F193E0234C88AF8757E8AB /* Pods.debug.xcconfig */;
			buildSettings = {
				CODE_SIGN_IDENTITY = "iPhone Developer";
				"CODE_SIGN_IDENTITY[sdk=iphoneos*]" = "iPhone Developer";
				GCC_PREPROCESSOR_DEFINITIONS = (
					"DEBUG=1",
					"$(inherited)",
				);
				INFOPLIST_FILE = EpiTimeWidget/Info.plist;
				IPHONEOS_DEPLOYMENT_TARGET = 8.2;
				LD_RUNPATH_SEARCH_PATHS = "$(inherited) @executable_path/Frameworks @executable_path/../../Frameworks";
				LIBRARY_SEARCH_PATHS = "$(inherited)";
				ONLY_ACTIVE_ARCH = YES;
				PRODUCT_NAME = "$(TARGET_NAME)";
				SKIP_INSTALL = YES;
			};
			name = Debug;
		};
		D2EE37491A894CC100E70651 /* Release */ = {
			isa = XCBuildConfiguration;
			baseConfigurationReference = 90738772E0B42BB0F4E3E2A4 /* Pods.release.xcconfig */;
			buildSettings = {
				CODE_SIGN_IDENTITY = "iPhone Developer";
				"CODE_SIGN_IDENTITY[sdk=iphoneos*]" = "iPhone Developer";
				INFOPLIST_FILE = EpiTimeWidget/Info.plist;
				IPHONEOS_DEPLOYMENT_TARGET = 8.2;
				LD_RUNPATH_SEARCH_PATHS = "$(inherited) @executable_path/Frameworks @executable_path/../../Frameworks";
				LIBRARY_SEARCH_PATHS = "$(inherited)";
				ONLY_ACTIVE_ARCH = NO;
				PRODUCT_NAME = "$(TARGET_NAME)";
				SKIP_INSTALL = YES;
			};
			name = Release;
		};
/* End XCBuildConfiguration section */

/* Begin XCConfigurationList section */
		D22839F51A973D24001DEB27 /* Build configuration list for PBXNativeTarget "EpiTimeWidget Staging" */ = {
			isa = XCConfigurationList;
			buildConfigurations = (
				D22839F61A973D24001DEB27 /* Debug */,
				D22839F71A973D24001DEB27 /* Release */,
			);
			defaultConfigurationIsVisible = 0;
			defaultConfigurationName = Release;
		};
		D23BED3219E32823000FF210 /* Build configuration list for PBXProject "EpiTime" */ = {
			isa = XCConfigurationList;
			buildConfigurations = (
				D23BED5819E32823000FF210 /* Debug */,
				D23BED5919E32823000FF210 /* Release */,
			);
			defaultConfigurationIsVisible = 0;
			defaultConfigurationName = Release;
		};
		D23BED5A19E32823000FF210 /* Build configuration list for PBXNativeTarget "EpiTime" */ = {
			isa = XCConfigurationList;
			buildConfigurations = (
				D23BED5B19E32823000FF210 /* Debug */,
				D23BED5C19E32823000FF210 /* Release */,
			);
			defaultConfigurationIsVisible = 0;
			defaultConfigurationName = Release;
		};
		D23BED5D19E32823000FF210 /* Build configuration list for PBXNativeTarget "EpiTimeTests" */ = {
			isa = XCConfigurationList;
			buildConfigurations = (
				D23BED5E19E32823000FF210 /* Debug */,
				D23BED5F19E32823000FF210 /* Release */,
			);
			defaultConfigurationIsVisible = 0;
			defaultConfigurationName = Release;
		};
		D23BED8919E328DA000FF210 /* Build configuration list for PBXNativeTarget "EpiTime Staging" */ = {
			isa = XCConfigurationList;
			buildConfigurations = (
				D23BED8A19E328DA000FF210 /* Debug */,
				D23BED8B19E328DA000FF210 /* Release */,
			);
			defaultConfigurationIsVisible = 0;
			defaultConfigurationName = Release;
		};
		D2DDA8801AF2F8870094BC02 /* Build configuration list for PBXNativeTarget "EpiTime WatchKit App" */ = {
			isa = XCConfigurationList;
			buildConfigurations = (
				D2DDA8811AF2F8870094BC02 /* Debug */,
				D2DDA8821AF2F8870094BC02 /* Release */,
			);
			defaultConfigurationIsVisible = 0;
			defaultConfigurationName = Release;
		};
		D2DDA8831AF2F8870094BC02 /* Build configuration list for PBXNativeTarget "EpiTime WatchKit Extension" */ = {
			isa = XCConfigurationList;
			buildConfigurations = (
				D2DDA8841AF2F8870094BC02 /* Debug */,
				D2DDA8851AF2F8870094BC02 /* Release */,
			);
			defaultConfigurationIsVisible = 0;
			defaultConfigurationName = Release;
		};
		D2EE37471A894CC100E70651 /* Build configuration list for PBXNativeTarget "EpiTimeWidget" */ = {
			isa = XCConfigurationList;
			buildConfigurations = (
				D2EE37481A894CC100E70651 /* Debug */,
				D2EE37491A894CC100E70651 /* Release */,
			);
			defaultConfigurationIsVisible = 0;
			defaultConfigurationName = Release;
		};
/* End XCConfigurationList section */
	};
	rootObject = D23BED2F19E32823000FF210 /* Project object */;
}
